// !$*UTF8*$!
{
	archiveVersion = 1;
	classes = {
	};
	objectVersion = 46;
	objects = {

/* Begin PBXBuildFile section */
		CA15DCCD1F116F7500720E34 /* BaseObject.swift in Sources */ = {isa = PBXBuildFile; fileRef = CA15DCC21F116F7500720E34 /* BaseObject.swift */; };
		CA15DCCE1F116F7500720E34 /* Buildings.swift in Sources */ = {isa = PBXBuildFile; fileRef = CA15DCC31F116F7500720E34 /* Buildings.swift */; };
		CA15DCCF1F116F7500720E34 /* Environment.swift in Sources */ = {isa = PBXBuildFile; fileRef = CA15DCC41F116F7500720E34 /* Environment.swift */; };
		CA15DCD01F116F7500720E34 /* HealthBar.swift in Sources */ = {isa = PBXBuildFile; fileRef = CA15DCC51F116F7500720E34 /* HealthBar.swift */; };
		CA15DCD11F116F7500720E34 /* Missile.swift in Sources */ = {isa = PBXBuildFile; fileRef = CA15DCC61F116F7500720E34 /* Missile.swift */; };
		CA15DCD31F116F7500720E34 /* Units.swift in Sources */ = {isa = PBXBuildFile; fileRef = CA15DCCA1F116F7500720E34 /* Units.swift */; };
		CA15DD3E1F11761600720E34 /* Orc.swift in Sources */ = {isa = PBXBuildFile; fileRef = CA15DD3D1F11761600720E34 /* Orc.swift */; };
		CA15DD401F11762800720E34 /* Human.swift in Sources */ = {isa = PBXBuildFile; fileRef = CA15DD3F1F11762800720E34 /* Human.swift */; };
		CA2438AE1F3172580067F263 /* BaseObject+Extensions.swift in Sources */ = {isa = PBXBuildFile; fileRef = CA2438AD1F3172580067F263 /* BaseObject+Extensions.swift */; };
		CA6573F51EF4CFF300E4CED1 /* AppDelegate.swift in Sources */ = {isa = PBXBuildFile; fileRef = CA6573F41EF4CFF300E4CED1 /* AppDelegate.swift */; };
		CA6574001EF4CFF300E4CED1 /* Main.storyboard in Resources */ = {isa = PBXBuildFile; fileRef = CA6573FE1EF4CFF300E4CED1 /* Main.storyboard */; };
		CA6574021EF4CFF300E4CED1 /* Assets.xcassets in Resources */ = {isa = PBXBuildFile; fileRef = CA6574011EF4CFF300E4CED1 /* Assets.xcassets */; };
		CA6574051EF4CFF300E4CED1 /* LaunchScreen.storyboard in Resources */ = {isa = PBXBuildFile; fileRef = CA6574031EF4CFF300E4CED1 /* LaunchScreen.storyboard */; };
		CA9A09771EF719C20018437D /* Team.swift in Sources */ = {isa = PBXBuildFile; fileRef = CA9A09761EF719C20018437D /* Team.swift */; };
		CAB305B11F08AEED00B7621A /* BuildMenu.swift in Sources */ = {isa = PBXBuildFile; fileRef = CAB305B01F08AEED00B7621A /* BuildMenu.swift */; };
		CAB305B71F08D5DE00B7621A /* BaseAI.swift in Sources */ = {isa = PBXBuildFile; fileRef = CAB305B61F08D5DE00B7621A /* BaseAI.swift */; };
		CAB305BB1F09AC6900B7621A /* Hud.swift in Sources */ = {isa = PBXBuildFile; fileRef = CAB305BA1F09AC6900B7621A /* Hud.swift */; };
		CAC3B4741EF5987F008DD4EA /* Extensions.swift in Sources */ = {isa = PBXBuildFile; fileRef = CAC3B4731EF5987F008DD4EA /* Extensions.swift */; };
		CAC3B4761EF60DA2008DD4EA /* Player.swift in Sources */ = {isa = PBXBuildFile; fileRef = CAC3B4751EF60DA2008DD4EA /* Player.swift */; };
		FE68F89E1EF85A9F003E9716 /* GameScene.swift in Sources */ = {isa = PBXBuildFile; fileRef = FE68F89C1EF85A9F003E9716 /* GameScene.swift */; };
		FE68F89F1EF85A9F003E9716 /* GameViewController.swift in Sources */ = {isa = PBXBuildFile; fileRef = FE68F89D1EF85A9F003E9716 /* GameViewController.swift */; };
		FEA182041F30EDBE009DBA19 /* DeathSmug.bmp in Resources */ = {isa = PBXBuildFile; fileRef = FEA181B51F30EDBE009DBA19 /* DeathSmug.bmp */; };
		FEA182051F30EDBE009DBA19 /* Doodads0.bmp in Resources */ = {isa = PBXBuildFile; fileRef = FEA181B61F30EDBE009DBA19 /* Doodads0.bmp */; };
		FEA182061F30EDBE009DBA19 /* Garrison.bmp in Resources */ = {isa = PBXBuildFile; fileRef = FEA181B71F30EDBE009DBA19 /* Garrison.bmp */; };
		FEA182071F30EDBE009DBA19 /* HumanBarracks.dae in Resources */ = {isa = PBXBuildFile; fileRef = FEA181B81F30EDBE009DBA19 /* HumanBarracks.dae */; };
		FEA182081F30EDBE009DBA19 /* HumanBarracks.mdl in Resources */ = {isa = PBXBuildFile; fileRef = FEA181B91F30EDBE009DBA19 /* HumanBarracks.mdl */; };
		FEA182091F30EDBE009DBA19 /* HumanBarracks.mdx in Resources */ = {isa = PBXBuildFile; fileRef = FEA181BA1F30EDBE009DBA19 /* HumanBarracks.mdx */; };
		FEA1820A1F30EDBE009DBA19 /* HumanBarracksWhat1.wav in Resources */ = {isa = PBXBuildFile; fileRef = FEA181BB1F30EDBE009DBA19 /* HumanBarracksWhat1.wav */; };
		FEA1820B1F30EDBE009DBA19 /* HumanBase.bmp in Resources */ = {isa = PBXBuildFile; fileRef = FEA181BC1F30EDBE009DBA19 /* HumanBase.bmp */; };
		FEA1820C1F30EDBE009DBA19 /* CannonTowerWhat1.wav in Resources */ = {isa = PBXBuildFile; fileRef = FEA181BE1F30EDBE009DBA19 /* CannonTowerWhat1.wav */; };
		FEA1820D1F30EDBE009DBA19 /* DeathSmug.bmp in Resources */ = {isa = PBXBuildFile; fileRef = FEA181BF1F30EDBE009DBA19 /* DeathSmug.bmp */; };
		FEA1820E1F30EDBE009DBA19 /* Doodads0-0.bmp in Resources */ = {isa = PBXBuildFile; fileRef = FEA181C01F30EDBE009DBA19 /* Doodads0-0.bmp */; };
		FEA1820F1F30EDBE009DBA19 /* GuardTowerWhat1.wav in Resources */ = {isa = PBXBuildFile; fileRef = FEA181C11F30EDBE009DBA19 /* GuardTowerWhat1.wav */; };
		FEA182101F30EDBE009DBA19 /* HumanBase.bmp in Resources */ = {isa = PBXBuildFile; fileRef = FEA181C21F30EDBE009DBA19 /* HumanBase.bmp */; };
		FEA182111F30EDBE009DBA19 /* HumanTower.dae in Resources */ = {isa = PBXBuildFile; fileRef = FEA181C31F30EDBE009DBA19 /* HumanTower.dae */; };
		FEA182121F30EDBE009DBA19 /* HumanTower.mdx in Resources */ = {isa = PBXBuildFile; fileRef = FEA181C41F30EDBE009DBA19 /* HumanTower.mdx */; };
		FEA182131F30EDBE009DBA19 /* Tower.blp in Resources */ = {isa = PBXBuildFile; fileRef = FEA181C51F30EDBE009DBA19 /* Tower.blp */; };
		FEA182141F30EDBE009DBA19 /* Tower.bmp in Resources */ = {isa = PBXBuildFile; fileRef = FEA181C61F30EDBE009DBA19 /* Tower.bmp */; };
		FEA182151F30EDBE009DBA19 /* WatchTowerWhat1.wav in Resources */ = {isa = PBXBuildFile; fileRef = FEA181C71F30EDBE009DBA19 /* WatchTowerWhat1.wav */; };
		FEA182161F30EDBE009DBA19 /* gutz.bmp in Resources */ = {isa = PBXBuildFile; fileRef = FEA181C91F30EDBE009DBA19 /* gutz.bmp */; };
		FEA182171F30EDBE009DBA19 /* Militia.dae in Resources */ = {isa = PBXBuildFile; fileRef = FEA181CA1F30EDBE009DBA19 /* Militia.dae */; };
		FEA182181F30EDBE009DBA19 /* Militia.mdx in Resources */ = {isa = PBXBuildFile; fileRef = FEA181CB1F30EDBE009DBA19 /* Militia.mdx */; };
		FEA182191F30EDBE009DBA19 /* Militia_Portrait.mdx in Resources */ = {isa = PBXBuildFile; fileRef = FEA181CC1F30EDBE009DBA19 /* Militia_Portrait.mdx */; };
		FEA1821A1F30EDBE009DBA19 /* PeasantMilitia.blp in Resources */ = {isa = PBXBuildFile; fileRef = FEA181CD1F30EDBE009DBA19 /* PeasantMilitia.blp */; };
		FEA1821B1F30EDBE009DBA19 /* PeasantMilitia.bmp in Resources */ = {isa = PBXBuildFile; fileRef = FEA181CE1F30EDBE009DBA19 /* PeasantMilitia.bmp */; };
		FEA1821C1F30EDBE009DBA19 /* dirt.png in Resources */ = {isa = PBXBuildFile; fileRef = FEA181D01F30EDBE009DBA19 /* dirt.png */; };
		FEA1821D1F30EDBE009DBA19 /* grass.png in Resources */ = {isa = PBXBuildFile; fileRef = FEA181D11F30EDBE009DBA19 /* grass.png */; };
		FEA1821E1F30EDBE009DBA19 /* grass_short.png in Resources */ = {isa = PBXBuildFile; fileRef = FEA181D21F30EDBE009DBA19 /* grass_short.png */; };
		FEA1821F1F30EDBE009DBA19 /* Ground002.tif in Resources */ = {isa = PBXBuildFile; fileRef = FEA181D31F30EDBE009DBA19 /* Ground002.tif */; };
		FEA182201F30EDBE009DBA19 /* Ground002.tif.001.tif in Resources */ = {isa = PBXBuildFile; fileRef = FEA181D41F30EDBE009DBA19 /* Ground002.tif.001.tif */; };
		FEA182211F30EDBE009DBA19 /* map2.dae in Resources */ = {isa = PBXBuildFile; fileRef = FEA181D51F30EDBE009DBA19 /* map2.dae */; };
		FEA182221F30EDBE009DBA19 /* Spawn1.png in Resources */ = {isa = PBXBuildFile; fileRef = FEA181D61F30EDBE009DBA19 /* Spawn1.png */; };
		FEA182231F30EDBE009DBA19 /* spawn2.bmp in Resources */ = {isa = PBXBuildFile; fileRef = FEA181D71F30EDBE009DBA19 /* spawn2.bmp */; };
		FEA182241F30EDBE009DBA19 /* tileMap.tm in Resources */ = {isa = PBXBuildFile; fileRef = FEA181D81F30EDBE009DBA19 /* tileMap.tm */; };
		FEA182251F30EDBE009DBA19 /* tileMap2.tm in Resources */ = {isa = PBXBuildFile; fileRef = FEA181D91F30EDBE009DBA19 /* tileMap2.tm */; };
		FEA182261F30EDBE009DBA19 /* BerserkerCaster.wav in Resources */ = {isa = PBXBuildFile; fileRef = FEA181DC1F30EDBE009DBA19 /* BerserkerCaster.wav */; };
		FEA182271F30EDBE009DBA19 /* Grun6.DAE in Resources */ = {isa = PBXBuildFile; fileRef = FEA181DD1F30EDBE009DBA19 /* Grun6.DAE */; };
		FEA182291F30EDBE009DBA19 /* Grunt.bmp in Resources */ = {isa = PBXBuildFile; fileRef = FEA181DF1F30EDBE009DBA19 /* Grunt.bmp */; };
		FEA182301F30EDBE009DBA19 /* GruntDeath.wav in Resources */ = {isa = PBXBuildFile; fileRef = FEA181E61F30EDBE009DBA19 /* GruntDeath.wav */; };
		FEA182381F30EDBE009DBA19 /* GruntReady1.wav in Resources */ = {isa = PBXBuildFile; fileRef = FEA181EE1F30EDBE009DBA19 /* GruntReady1.wav */; };
		FEA182391F30EDBE009DBA19 /* GruntRunning.DAE in Resources */ = {isa = PBXBuildFile; fileRef = FEA181EF1F30EDBE009DBA19 /* GruntRunning.DAE */; };
		FEA1823A1F30EDBE009DBA19 /* GruntWarcry1.wav in Resources */ = {isa = PBXBuildFile; fileRef = FEA181F01F30EDBE009DBA19 /* GruntWarcry1.wav */; };
		FEA182431F30EDBE009DBA19 /* GruntYesAttack1.wav in Resources */ = {isa = PBXBuildFile; fileRef = FEA181F91F30EDBE009DBA19 /* GruntYesAttack1.wav */; };
		FEA182441F30EDBE009DBA19 /* GruntYesAttack2.wav in Resources */ = {isa = PBXBuildFile; fileRef = FEA181FA1F30EDBE009DBA19 /* GruntYesAttack2.wav */; };
		FEA182451F30EDBE009DBA19 /* GruntYesAttack3.wav in Resources */ = {isa = PBXBuildFile; fileRef = FEA181FB1F30EDBE009DBA19 /* GruntYesAttack3.wav */; };
		FEA182461F30EDBE009DBA19 /* Base.bmp in Resources */ = {isa = PBXBuildFile; fileRef = FEA181FD1F30EDBE009DBA19 /* Base.bmp */; };
		FEA182471F30EDBE009DBA19 /* DeathSmug.bmp in Resources */ = {isa = PBXBuildFile; fileRef = FEA181FE1F30EDBE009DBA19 /* DeathSmug.bmp */; };
		FEA182481F30EDBE009DBA19 /* OrcBarracks.dae in Resources */ = {isa = PBXBuildFile; fileRef = FEA181FF1F30EDBE009DBA19 /* OrcBarracks.dae */; };
		FEA182491F30EDBE009DBA19 /* OrcBarracks.mdx in Resources */ = {isa = PBXBuildFile; fileRef = FEA182001F30EDBE009DBA19 /* OrcBarracks.mdx */; };
		FEA1824A1F30EDBE009DBA19 /* OrcBarracksWhat1.wav in Resources */ = {isa = PBXBuildFile; fileRef = FEA182011F30EDBE009DBA19 /* OrcBarracksWhat1.wav */; };
		FEA1824B1F30EDBE009DBA19 /* OrcBarraks.bmp in Resources */ = {isa = PBXBuildFile; fileRef = FEA182021F30EDBE009DBA19 /* OrcBarraks.bmp */; };
		FEA1824C1F30EDBE009DBA19 /* OrcBirth.bmp in Resources */ = {isa = PBXBuildFile; fileRef = FEA182031F30EDBE009DBA19 /* OrcBirth.bmp */; };
		FEA1824E1F30FFE2009DBA19 /* ObjectMenu.swift in Sources */ = {isa = PBXBuildFile; fileRef = FEA1824D1F30FFE2009DBA19 /* ObjectMenu.swift */; };
/* End PBXBuildFile section */

/* Begin PBXFileReference section */
		CA15DCC21F116F7500720E34 /* BaseObject.swift */ = {isa = PBXFileReference; fileEncoding = 4; lastKnownFileType = sourcecode.swift; path = BaseObject.swift; sourceTree = "<group>"; };
		CA15DCC31F116F7500720E34 /* Buildings.swift */ = {isa = PBXFileReference; fileEncoding = 4; lastKnownFileType = sourcecode.swift; path = Buildings.swift; sourceTree = "<group>"; };
		CA15DCC41F116F7500720E34 /* Environment.swift */ = {isa = PBXFileReference; fileEncoding = 4; lastKnownFileType = sourcecode.swift; path = Environment.swift; sourceTree = "<group>"; };
		CA15DCC51F116F7500720E34 /* HealthBar.swift */ = {isa = PBXFileReference; fileEncoding = 4; lastKnownFileType = sourcecode.swift; path = HealthBar.swift; sourceTree = "<group>"; };
		CA15DCC61F116F7500720E34 /* Missile.swift */ = {isa = PBXFileReference; fileEncoding = 4; lastKnownFileType = sourcecode.swift; path = Missile.swift; sourceTree = "<group>"; };
		CA15DCCA1F116F7500720E34 /* Units.swift */ = {isa = PBXFileReference; fileEncoding = 4; lastKnownFileType = sourcecode.swift; path = Units.swift; sourceTree = "<group>"; };
		CA15DD3D1F11761600720E34 /* Orc.swift */ = {isa = PBXFileReference; fileEncoding = 4; lastKnownFileType = sourcecode.swift; path = Orc.swift; sourceTree = "<group>"; };
		CA15DD3F1F11762800720E34 /* Human.swift */ = {isa = PBXFileReference; fileEncoding = 4; lastKnownFileType = sourcecode.swift; path = Human.swift; sourceTree = "<group>"; };
		CA2438AD1F3172580067F263 /* BaseObject+Extensions.swift */ = {isa = PBXFileReference; fileEncoding = 4; lastKnownFileType = sourcecode.swift; path = "BaseObject+Extensions.swift"; sourceTree = "<group>"; };
		CA6573F11EF4CFF300E4CED1 /* NexusAttack.app */ = {isa = PBXFileReference; explicitFileType = wrapper.application; includeInIndex = 0; path = NexusAttack.app; sourceTree = BUILT_PRODUCTS_DIR; };
		CA6573F41EF4CFF300E4CED1 /* AppDelegate.swift */ = {isa = PBXFileReference; lastKnownFileType = sourcecode.swift; path = AppDelegate.swift; sourceTree = "<group>"; };
		CA6573FF1EF4CFF300E4CED1 /* Base */ = {isa = PBXFileReference; lastKnownFileType = file.storyboard; name = Base; path = Base.lproj/Main.storyboard; sourceTree = "<group>"; };
		CA6574011EF4CFF300E4CED1 /* Assets.xcassets */ = {isa = PBXFileReference; lastKnownFileType = folder.assetcatalog; path = Assets.xcassets; sourceTree = "<group>"; };
		CA6574041EF4CFF300E4CED1 /* Base */ = {isa = PBXFileReference; lastKnownFileType = file.storyboard; name = Base; path = Base.lproj/LaunchScreen.storyboard; sourceTree = "<group>"; };
		CA6574061EF4CFF300E4CED1 /* Info.plist */ = {isa = PBXFileReference; lastKnownFileType = text.plist.xml; path = Info.plist; sourceTree = "<group>"; };
		CA9A09761EF719C20018437D /* Team.swift */ = {isa = PBXFileReference; fileEncoding = 4; lastKnownFileType = sourcecode.swift; path = Team.swift; sourceTree = "<group>"; };
		CAB305B01F08AEED00B7621A /* BuildMenu.swift */ = {isa = PBXFileReference; fileEncoding = 4; lastKnownFileType = sourcecode.swift; path = BuildMenu.swift; sourceTree = "<group>"; };
		CAB305B61F08D5DE00B7621A /* BaseAI.swift */ = {isa = PBXFileReference; fileEncoding = 4; lastKnownFileType = sourcecode.swift; path = BaseAI.swift; sourceTree = "<group>"; };
		CAB305BA1F09AC6900B7621A /* Hud.swift */ = {isa = PBXFileReference; fileEncoding = 4; lastKnownFileType = sourcecode.swift; path = Hud.swift; sourceTree = "<group>"; };
		CAC3B4731EF5987F008DD4EA /* Extensions.swift */ = {isa = PBXFileReference; fileEncoding = 4; lastKnownFileType = sourcecode.swift; path = Extensions.swift; sourceTree = "<group>"; };
		CAC3B4751EF60DA2008DD4EA /* Player.swift */ = {isa = PBXFileReference; fileEncoding = 4; lastKnownFileType = sourcecode.swift; path = Player.swift; sourceTree = "<group>"; };
		FE68F89C1EF85A9F003E9716 /* GameScene.swift */ = {isa = PBXFileReference; fileEncoding = 4; lastKnownFileType = sourcecode.swift; path = GameScene.swift; sourceTree = "<group>"; };
		FE68F89D1EF85A9F003E9716 /* GameViewController.swift */ = {isa = PBXFileReference; fileEncoding = 4; lastKnownFileType = sourcecode.swift; path = GameViewController.swift; sourceTree = "<group>"; };
		FEA181B51F30EDBE009DBA19 /* DeathSmug.bmp */ = {isa = PBXFileReference; lastKnownFileType = image.bmp; path = DeathSmug.bmp; sourceTree = "<group>"; };
		FEA181B61F30EDBE009DBA19 /* Doodads0.bmp */ = {isa = PBXFileReference; lastKnownFileType = image.bmp; path = Doodads0.bmp; sourceTree = "<group>"; };
		FEA181B71F30EDBE009DBA19 /* Garrison.bmp */ = {isa = PBXFileReference; lastKnownFileType = image.bmp; path = Garrison.bmp; sourceTree = "<group>"; };
		FEA181B81F30EDBE009DBA19 /* HumanBarracks.dae */ = {isa = PBXFileReference; fileEncoding = 4; lastKnownFileType = text.xml.dae; path = HumanBarracks.dae; sourceTree = "<group>"; };
		FEA181B91F30EDBE009DBA19 /* HumanBarracks.mdl */ = {isa = PBXFileReference; fileEncoding = 4; lastKnownFileType = text; path = HumanBarracks.mdl; sourceTree = "<group>"; };
		FEA181BA1F30EDBE009DBA19 /* HumanBarracks.mdx */ = {isa = PBXFileReference; lastKnownFileType = file; path = HumanBarracks.mdx; sourceTree = "<group>"; };
		FEA181BB1F30EDBE009DBA19 /* HumanBarracksWhat1.wav */ = {isa = PBXFileReference; lastKnownFileType = audio.wav; path = HumanBarracksWhat1.wav; sourceTree = "<group>"; };
		FEA181BC1F30EDBE009DBA19 /* HumanBase.bmp */ = {isa = PBXFileReference; lastKnownFileType = image.bmp; path = HumanBase.bmp; sourceTree = "<group>"; };
		FEA181BE1F30EDBE009DBA19 /* CannonTowerWhat1.wav */ = {isa = PBXFileReference; lastKnownFileType = audio.wav; path = CannonTowerWhat1.wav; sourceTree = "<group>"; };
		FEA181BF1F30EDBE009DBA19 /* DeathSmug.bmp */ = {isa = PBXFileReference; lastKnownFileType = image.bmp; path = DeathSmug.bmp; sourceTree = "<group>"; };
		FEA181C01F30EDBE009DBA19 /* Doodads0-0.bmp */ = {isa = PBXFileReference; lastKnownFileType = image.bmp; path = "Doodads0-0.bmp"; sourceTree = "<group>"; };
		FEA181C11F30EDBE009DBA19 /* GuardTowerWhat1.wav */ = {isa = PBXFileReference; lastKnownFileType = audio.wav; path = GuardTowerWhat1.wav; sourceTree = "<group>"; };
		FEA181C21F30EDBE009DBA19 /* HumanBase.bmp */ = {isa = PBXFileReference; lastKnownFileType = image.bmp; path = HumanBase.bmp; sourceTree = "<group>"; };
		FEA181C31F30EDBE009DBA19 /* HumanTower.dae */ = {isa = PBXFileReference; fileEncoding = 4; lastKnownFileType = text.xml.dae; path = HumanTower.dae; sourceTree = "<group>"; };
		FEA181C41F30EDBE009DBA19 /* HumanTower.mdx */ = {isa = PBXFileReference; lastKnownFileType = file; path = HumanTower.mdx; sourceTree = "<group>"; };
		FEA181C51F30EDBE009DBA19 /* Tower.blp */ = {isa = PBXFileReference; lastKnownFileType = file; path = Tower.blp; sourceTree = "<group>"; };
		FEA181C61F30EDBE009DBA19 /* Tower.bmp */ = {isa = PBXFileReference; lastKnownFileType = image.bmp; path = Tower.bmp; sourceTree = "<group>"; };
		FEA181C71F30EDBE009DBA19 /* WatchTowerWhat1.wav */ = {isa = PBXFileReference; lastKnownFileType = audio.wav; path = WatchTowerWhat1.wav; sourceTree = "<group>"; };
		FEA181C91F30EDBE009DBA19 /* gutz.bmp */ = {isa = PBXFileReference; lastKnownFileType = image.bmp; path = gutz.bmp; sourceTree = "<group>"; };
		FEA181CA1F30EDBE009DBA19 /* Militia.dae */ = {isa = PBXFileReference; fileEncoding = 4; lastKnownFileType = text.xml.dae; path = Militia.dae; sourceTree = "<group>"; };
		FEA181CB1F30EDBE009DBA19 /* Militia.mdx */ = {isa = PBXFileReference; lastKnownFileType = file; path = Militia.mdx; sourceTree = "<group>"; };
		FEA181CC1F30EDBE009DBA19 /* Militia_Portrait.mdx */ = {isa = PBXFileReference; lastKnownFileType = file; path = Militia_Portrait.mdx; sourceTree = "<group>"; };
		FEA181CD1F30EDBE009DBA19 /* PeasantMilitia.blp */ = {isa = PBXFileReference; lastKnownFileType = file; path = PeasantMilitia.blp; sourceTree = "<group>"; };
		FEA181CE1F30EDBE009DBA19 /* PeasantMilitia.bmp */ = {isa = PBXFileReference; lastKnownFileType = image.bmp; path = PeasantMilitia.bmp; sourceTree = "<group>"; };
		FEA181D01F30EDBE009DBA19 /* dirt.png */ = {isa = PBXFileReference; lastKnownFileType = image.png; path = dirt.png; sourceTree = "<group>"; };
		FEA181D11F30EDBE009DBA19 /* grass.png */ = {isa = PBXFileReference; lastKnownFileType = image.png; path = grass.png; sourceTree = "<group>"; };
		FEA181D21F30EDBE009DBA19 /* grass_short.png */ = {isa = PBXFileReference; lastKnownFileType = image.png; path = grass_short.png; sourceTree = "<group>"; };
		FEA181D31F30EDBE009DBA19 /* Ground002.tif */ = {isa = PBXFileReference; lastKnownFileType = image.tiff; path = Ground002.tif; sourceTree = "<group>"; };
		FEA181D41F30EDBE009DBA19 /* Ground002.tif.001.tif */ = {isa = PBXFileReference; lastKnownFileType = image.tiff; path = Ground002.tif.001.tif; sourceTree = "<group>"; };
		FEA181D51F30EDBE009DBA19 /* map2.dae */ = {isa = PBXFileReference; fileEncoding = 4; lastKnownFileType = text.xml.dae; path = map2.dae; sourceTree = "<group>"; };
		FEA181D61F30EDBE009DBA19 /* Spawn1.png */ = {isa = PBXFileReference; lastKnownFileType = image.png; path = Spawn1.png; sourceTree = "<group>"; };
		FEA181D71F30EDBE009DBA19 /* spawn2.bmp */ = {isa = PBXFileReference; lastKnownFileType = image.bmp; path = spawn2.bmp; sourceTree = "<group>"; };
		FEA181D81F30EDBE009DBA19 /* tileMap.tm */ = {isa = PBXFileReference; fileEncoding = 4; lastKnownFileType = text; path = tileMap.tm; sourceTree = "<group>"; };
		FEA181D91F30EDBE009DBA19 /* tileMap2.tm */ = {isa = PBXFileReference; fileEncoding = 4; lastKnownFileType = text; path = tileMap2.tm; sourceTree = "<group>"; };
		FEA181DC1F30EDBE009DBA19 /* BerserkerCaster.wav */ = {isa = PBXFileReference; lastKnownFileType = audio.wav; path = BerserkerCaster.wav; sourceTree = "<group>"; };
		FEA181DD1F30EDBE009DBA19 /* Grun6.DAE */ = {isa = PBXFileReference; fileEncoding = 4; lastKnownFileType = text.xml.dae; path = Grun6.DAE; sourceTree = "<group>"; };
		FEA181DF1F30EDBE009DBA19 /* Grunt.bmp */ = {isa = PBXFileReference; lastKnownFileType = image.bmp; path = Grunt.bmp; sourceTree = "<group>"; };
		FEA181E61F30EDBE009DBA19 /* GruntDeath.wav */ = {isa = PBXFileReference; lastKnownFileType = audio.wav; path = GruntDeath.wav; sourceTree = "<group>"; };
		FEA181EE1F30EDBE009DBA19 /* GruntReady1.wav */ = {isa = PBXFileReference; lastKnownFileType = audio.wav; path = GruntReady1.wav; sourceTree = "<group>"; };
		FEA181EF1F30EDBE009DBA19 /* GruntRunning.DAE */ = {isa = PBXFileReference; fileEncoding = 4; lastKnownFileType = text.xml.dae; path = GruntRunning.DAE; sourceTree = "<group>"; };
		FEA181F01F30EDBE009DBA19 /* GruntWarcry1.wav */ = {isa = PBXFileReference; lastKnownFileType = audio.wav; path = GruntWarcry1.wav; sourceTree = "<group>"; };
		FEA181F91F30EDBE009DBA19 /* GruntYesAttack1.wav */ = {isa = PBXFileReference; lastKnownFileType = audio.wav; path = GruntYesAttack1.wav; sourceTree = "<group>"; };
		FEA181FA1F30EDBE009DBA19 /* GruntYesAttack2.wav */ = {isa = PBXFileReference; lastKnownFileType = audio.wav; path = GruntYesAttack2.wav; sourceTree = "<group>"; };
		FEA181FB1F30EDBE009DBA19 /* GruntYesAttack3.wav */ = {isa = PBXFileReference; lastKnownFileType = audio.wav; path = GruntYesAttack3.wav; sourceTree = "<group>"; };
		FEA181FD1F30EDBE009DBA19 /* Base.bmp */ = {isa = PBXFileReference; lastKnownFileType = image.bmp; path = Base.bmp; sourceTree = "<group>"; };
		FEA181FE1F30EDBE009DBA19 /* DeathSmug.bmp */ = {isa = PBXFileReference; lastKnownFileType = image.bmp; path = DeathSmug.bmp; sourceTree = "<group>"; };
		FEA181FF1F30EDBE009DBA19 /* OrcBarracks.dae */ = {isa = PBXFileReference; fileEncoding = 4; lastKnownFileType = text.xml.dae; path = OrcBarracks.dae; sourceTree = "<group>"; };
		FEA182001F30EDBE009DBA19 /* OrcBarracks.mdx */ = {isa = PBXFileReference; lastKnownFileType = file; path = OrcBarracks.mdx; sourceTree = "<group>"; };
		FEA182011F30EDBE009DBA19 /* OrcBarracksWhat1.wav */ = {isa = PBXFileReference; lastKnownFileType = audio.wav; path = OrcBarracksWhat1.wav; sourceTree = "<group>"; };
		FEA182021F30EDBE009DBA19 /* OrcBarraks.bmp */ = {isa = PBXFileReference; lastKnownFileType = image.bmp; path = OrcBarraks.bmp; sourceTree = "<group>"; };
		FEA182031F30EDBE009DBA19 /* OrcBirth.bmp */ = {isa = PBXFileReference; lastKnownFileType = image.bmp; path = OrcBirth.bmp; sourceTree = "<group>"; };
		FEA1824D1F30FFE2009DBA19 /* ObjectMenu.swift */ = {isa = PBXFileReference; fileEncoding = 4; lastKnownFileType = sourcecode.swift; path = ObjectMenu.swift; sourceTree = "<group>"; };
/* End PBXFileReference section */

/* Begin PBXFrameworksBuildPhase section */
		CA6573EE1EF4CFF300E4CED1 /* Frameworks */ = {
			isa = PBXFrameworksBuildPhase;
			buildActionMask = 2147483647;
			files = (
			);
			runOnlyForDeploymentPostprocessing = 0;
		};
/* End PBXFrameworksBuildPhase section */

/* Begin PBXGroup section */
		CA15DCBD1F116F7500720E34 /* Engine */ = {
			isa = PBXGroup;
			children = (
				CA15DCC21F116F7500720E34 /* BaseObject.swift */,
				CA2438AD1F3172580067F263 /* BaseObject+Extensions.swift */,
				CA15DCC31F116F7500720E34 /* Buildings.swift */,
				CA15DCC41F116F7500720E34 /* Environment.swift */,
				CA15DCC51F116F7500720E34 /* HealthBar.swift */,
				CA15DCC61F116F7500720E34 /* Missile.swift */,
				CA15DCCA1F116F7500720E34 /* Units.swift */,
				CA15DCC71F116F7500720E34 /* Objects */,
			);
			path = Engine;
			sourceTree = "<group>";
		};
		CA15DCC71F116F7500720E34 /* Objects */ = {
			isa = PBXGroup;
			children = (
				CA15DD3D1F11761600720E34 /* Orc.swift */,
				CA15DD3F1F11762800720E34 /* Human.swift */,
			);
			path = Objects;
			sourceTree = "<group>";
		};
		CA6573E81EF4CFF300E4CED1 = {
			isa = PBXGroup;
			children = (
				CA6573F31EF4CFF300E4CED1 /* NexusAttack */,
				CA6573F21EF4CFF300E4CED1 /* Products */,
			);
			sourceTree = "<group>";
		};
		CA6573F21EF4CFF300E4CED1 /* Products */ = {
			isa = PBXGroup;
			children = (
				CA6573F11EF4CFF300E4CED1 /* NexusAttack.app */,
			);
			name = Products;
			sourceTree = "<group>";
		};
		CA6573F31EF4CFF300E4CED1 /* NexusAttack */ = {
			isa = PBXGroup;
			children = (
				CA65740E1EF4D9DF00E4CED1 /* Game */,
				CA6573F41EF4CFF300E4CED1 /* AppDelegate.swift */,
				CAC3B4731EF5987F008DD4EA /* Extensions.swift */,
				CA6573FE1EF4CFF300E4CED1 /* Main.storyboard */,
				CA6574011EF4CFF300E4CED1 /* Assets.xcassets */,
				CA6574031EF4CFF300E4CED1 /* LaunchScreen.storyboard */,
				CA6574061EF4CFF300E4CED1 /* Info.plist */,
			);
			path = NexusAttack;
			sourceTree = "<group>";
		};
		CA65740E1EF4D9DF00E4CED1 /* Game */ = {
			isa = PBXGroup;
			children = (
				CA15DCBD1F116F7500720E34 /* Engine */,
				CAB305B51F08D5DE00B7621A /* AI */,
				CAB305AF1F08AE5C00B7621A /* Menu */,
				FE68F89B1EF85A9F003E9716 /* ViewControllers */,
				FEA181B21F30EDBE009DBA19 /* Assets */,
				CA6574191EF4DA3B00E4CED1 /* Models */,
			);
			path = Game;
			sourceTree = "<group>";
		};
		CA6574191EF4DA3B00E4CED1 /* Models */ = {
			isa = PBXGroup;
			children = (
				CAC3B4751EF60DA2008DD4EA /* Player.swift */,
				CA9A09761EF719C20018437D /* Team.swift */,
				CAB305BA1F09AC6900B7621A /* Hud.swift */,
			);
			path = Models;
			sourceTree = "<group>";
		};
		CAB305AF1F08AE5C00B7621A /* Menu */ = {
			isa = PBXGroup;
			children = (
				CAB305B01F08AEED00B7621A /* BuildMenu.swift */,
				FEA1824D1F30FFE2009DBA19 /* ObjectMenu.swift */,
			);
			name = Menu;
			sourceTree = "<group>";
		};
		CAB305B51F08D5DE00B7621A /* AI */ = {
			isa = PBXGroup;
			children = (
				CAB305B61F08D5DE00B7621A /* BaseAI.swift */,
			);
			path = AI;
			sourceTree = "<group>";
		};
		FE68F89B1EF85A9F003E9716 /* ViewControllers */ = {
			isa = PBXGroup;
			children = (
				FE68F89D1EF85A9F003E9716 /* GameViewController.swift */,
				FE68F89C1EF85A9F003E9716 /* GameScene.swift */,
			);
			path = ViewControllers;
			sourceTree = "<group>";
		};
		FEA181B21F30EDBE009DBA19 /* Assets */ = {
			isa = PBXGroup;
			children = (
				FEA181B31F30EDBE009DBA19 /* Human */,
				FEA181CF1F30EDBE009DBA19 /* Map */,
				FEA181DA1F30EDBE009DBA19 /* Orc */,
			);
			path = Assets;
			sourceTree = "<group>";
		};
		FEA181B31F30EDBE009DBA19 /* Human */ = {
			isa = PBXGroup;
			children = (
				FEA181B41F30EDBE009DBA19 /* HumanBarracks */,
				FEA181BD1F30EDBE009DBA19 /* HumanTower */,
				FEA181C81F30EDBE009DBA19 /* Militia */,
			);
			path = Human;
			sourceTree = "<group>";
		};
		FEA181B41F30EDBE009DBA19 /* HumanBarracks */ = {
			isa = PBXGroup;
			children = (
				FEA181B51F30EDBE009DBA19 /* DeathSmug.bmp */,
				FEA181B61F30EDBE009DBA19 /* Doodads0.bmp */,
				FEA181B71F30EDBE009DBA19 /* Garrison.bmp */,
				FEA181B81F30EDBE009DBA19 /* HumanBarracks.dae */,
				FEA181B91F30EDBE009DBA19 /* HumanBarracks.mdl */,
				FEA181BA1F30EDBE009DBA19 /* HumanBarracks.mdx */,
				FEA181BB1F30EDBE009DBA19 /* HumanBarracksWhat1.wav */,
				FEA181BC1F30EDBE009DBA19 /* HumanBase.bmp */,
			);
			path = HumanBarracks;
			sourceTree = "<group>";
		};
		FEA181BD1F30EDBE009DBA19 /* HumanTower */ = {
			isa = PBXGroup;
			children = (
				FEA181BE1F30EDBE009DBA19 /* CannonTowerWhat1.wav */,
				FEA181BF1F30EDBE009DBA19 /* DeathSmug.bmp */,
				FEA181C01F30EDBE009DBA19 /* Doodads0-0.bmp */,
				FEA181C11F30EDBE009DBA19 /* GuardTowerWhat1.wav */,
				FEA181C21F30EDBE009DBA19 /* HumanBase.bmp */,
				FEA181C31F30EDBE009DBA19 /* HumanTower.dae */,
				FEA181C41F30EDBE009DBA19 /* HumanTower.mdx */,
				FEA181C51F30EDBE009DBA19 /* Tower.blp */,
				FEA181C61F30EDBE009DBA19 /* Tower.bmp */,
				FEA181C71F30EDBE009DBA19 /* WatchTowerWhat1.wav */,
			);
			path = HumanTower;
			sourceTree = "<group>";
		};
		FEA181C81F30EDBE009DBA19 /* Militia */ = {
			isa = PBXGroup;
			children = (
				FEA181C91F30EDBE009DBA19 /* gutz.bmp */,
				FEA181CA1F30EDBE009DBA19 /* Militia.dae */,
				FEA181CB1F30EDBE009DBA19 /* Militia.mdx */,
				FEA181CC1F30EDBE009DBA19 /* Militia_Portrait.mdx */,
				FEA181CD1F30EDBE009DBA19 /* PeasantMilitia.blp */,
				FEA181CE1F30EDBE009DBA19 /* PeasantMilitia.bmp */,
			);
			path = Militia;
			sourceTree = "<group>";
		};
		FEA181CF1F30EDBE009DBA19 /* Map */ = {
			isa = PBXGroup;
			children = (
				FEA181D01F30EDBE009DBA19 /* dirt.png */,
				FEA181D11F30EDBE009DBA19 /* grass.png */,
				FEA181D21F30EDBE009DBA19 /* grass_short.png */,
				FEA181D31F30EDBE009DBA19 /* Ground002.tif */,
				FEA181D41F30EDBE009DBA19 /* Ground002.tif.001.tif */,
				FEA181D51F30EDBE009DBA19 /* map2.dae */,
				FEA181D61F30EDBE009DBA19 /* Spawn1.png */,
				FEA181D71F30EDBE009DBA19 /* spawn2.bmp */,
				FEA181D81F30EDBE009DBA19 /* tileMap.tm */,
				FEA181D91F30EDBE009DBA19 /* tileMap2.tm */,
			);
			path = Map;
			sourceTree = "<group>";
		};
		FEA181DA1F30EDBE009DBA19 /* Orc */ = {
			isa = PBXGroup;
			children = (
				FEA181DB1F30EDBE009DBA19 /* Grunt */,
				FEA181FC1F30EDBE009DBA19 /* OrcBarracks */,
			);
			path = Orc;
			sourceTree = "<group>";
		};
		FEA181DB1F30EDBE009DBA19 /* Grunt */ = {
			isa = PBXGroup;
			children = (
				FEA181DC1F30EDBE009DBA19 /* BerserkerCaster.wav */,
				FEA181DD1F30EDBE009DBA19 /* Grun6.DAE */,
				FEA181DF1F30EDBE009DBA19 /* Grunt.bmp */,
				FEA181E61F30EDBE009DBA19 /* GruntDeath.wav */,
				FEA181EE1F30EDBE009DBA19 /* GruntReady1.wav */,
				FEA181EF1F30EDBE009DBA19 /* GruntRunning.DAE */,
				FEA181F01F30EDBE009DBA19 /* GruntWarcry1.wav */,
				FEA181F91F30EDBE009DBA19 /* GruntYesAttack1.wav */,
				FEA181FA1F30EDBE009DBA19 /* GruntYesAttack2.wav */,
				FEA181FB1F30EDBE009DBA19 /* GruntYesAttack3.wav */,
			);
			path = Grunt;
			sourceTree = "<group>";
		};
		FEA181FC1F30EDBE009DBA19 /* OrcBarracks */ = {
			isa = PBXGroup;
			children = (
				FEA181FD1F30EDBE009DBA19 /* Base.bmp */,
				FEA181FE1F30EDBE009DBA19 /* DeathSmug.bmp */,
				FEA181FF1F30EDBE009DBA19 /* OrcBarracks.dae */,
				FEA182001F30EDBE009DBA19 /* OrcBarracks.mdx */,
				FEA182011F30EDBE009DBA19 /* OrcBarracksWhat1.wav */,
				FEA182021F30EDBE009DBA19 /* OrcBarraks.bmp */,
				FEA182031F30EDBE009DBA19 /* OrcBirth.bmp */,
			);
			path = OrcBarracks;
			sourceTree = "<group>";
		};
/* End PBXGroup section */

/* Begin PBXNativeTarget section */
		CA6573F01EF4CFF300E4CED1 /* NexusAttack */ = {
			isa = PBXNativeTarget;
			buildConfigurationList = CA6574091EF4CFF300E4CED1 /* Build configuration list for PBXNativeTarget "NexusAttack" */;
			buildPhases = (
				CA6573ED1EF4CFF300E4CED1 /* Sources */,
				CA6573EE1EF4CFF300E4CED1 /* Frameworks */,
				CA6573EF1EF4CFF300E4CED1 /* Resources */,
			);
			buildRules = (
			);
			dependencies = (
			);
			name = NexusAttack;
			productName = NexusAttack;
			productReference = CA6573F11EF4CFF300E4CED1 /* NexusAttack.app */;
			productType = "com.apple.product-type.application";
		};
/* End PBXNativeTarget section */

/* Begin PBXProject section */
		CA6573E91EF4CFF300E4CED1 /* Project object */ = {
			isa = PBXProject;
			attributes = {
				LastSwiftUpdateCheck = 0830;
				LastUpgradeCheck = 0830;
				ORGANIZATIONNAME = CobbWeb;
				TargetAttributes = {
					CA6573F01EF4CFF300E4CED1 = {
						CreatedOnToolsVersion = 8.3.2;
						DevelopmentTeam = MRGX8T9A4Y;
						ProvisioningStyle = Automatic;
					};
				};
			};
			buildConfigurationList = CA6573EC1EF4CFF300E4CED1 /* Build configuration list for PBXProject "NexusAttack" */;
			compatibilityVersion = "Xcode 3.2";
			developmentRegion = English;
			hasScannedForEncodings = 0;
			knownRegions = (
				en,
				Base,
			);
			mainGroup = CA6573E81EF4CFF300E4CED1;
			productRefGroup = CA6573F21EF4CFF300E4CED1 /* Products */;
			projectDirPath = "";
			projectRoot = "";
			targets = (
				CA6573F01EF4CFF300E4CED1 /* NexusAttack */,
			);
		};
/* End PBXProject section */

/* Begin PBXResourcesBuildPhase section */
		CA6573EF1EF4CFF300E4CED1 /* Resources */ = {
			isa = PBXResourcesBuildPhase;
			buildActionMask = 2147483647;
			files = (
				FEA182471F30EDBE009DBA19 /* DeathSmug.bmp in Resources */,
				FEA182301F30EDBE009DBA19 /* GruntDeath.wav in Resources */,
				FEA182451F30EDBE009DBA19 /* GruntYesAttack3.wav in Resources */,
				FEA182381F30EDBE009DBA19 /* GruntReady1.wav in Resources */,
				FEA182211F30EDBE009DBA19 /* map2.dae in Resources */,
				FEA182241F30EDBE009DBA19 /* tileMap.tm in Resources */,
				FEA182251F30EDBE009DBA19 /* tileMap2.tm in Resources */,
				FEA1820F1F30EDBE009DBA19 /* GuardTowerWhat1.wav in Resources */,
				FEA182271F30EDBE009DBA19 /* Grun6.DAE in Resources */,
				FEA182161F30EDBE009DBA19 /* gutz.bmp in Resources */,
				FEA182191F30EDBE009DBA19 /* Militia_Portrait.mdx in Resources */,
				FEA182051F30EDBE009DBA19 /* Doodads0.bmp in Resources */,
				FEA182151F30EDBE009DBA19 /* WatchTowerWhat1.wav in Resources */,
				FEA1821F1F30EDBE009DBA19 /* Ground002.tif in Resources */,
				FEA182041F30EDBE009DBA19 /* DeathSmug.bmp in Resources */,
				FEA182141F30EDBE009DBA19 /* Tower.bmp in Resources */,
				FEA1823A1F30EDBE009DBA19 /* GruntWarcry1.wav in Resources */,
				FEA182441F30EDBE009DBA19 /* GruntYesAttack2.wav in Resources */,
				FEA182291F30EDBE009DBA19 /* Grunt.bmp in Resources */,
				FEA1820D1F30EDBE009DBA19 /* DeathSmug.bmp in Resources */,
				FEA182061F30EDBE009DBA19 /* Garrison.bmp in Resources */,
				FEA1821B1F30EDBE009DBA19 /* PeasantMilitia.bmp in Resources */,
				CA6574001EF4CFF300E4CED1 /* Main.storyboard in Resources */,
				FEA182091F30EDBE009DBA19 /* HumanBarracks.mdx in Resources */,
				FEA182111F30EDBE009DBA19 /* HumanTower.dae in Resources */,
				FEA1821E1F30EDBE009DBA19 /* grass_short.png in Resources */,
				FEA182181F30EDBE009DBA19 /* Militia.mdx in Resources */,
				FEA182171F30EDBE009DBA19 /* Militia.dae in Resources */,
				FEA1820A1F30EDBE009DBA19 /* HumanBarracksWhat1.wav in Resources */,
				FEA182221F30EDBE009DBA19 /* Spawn1.png in Resources */,
				FEA1821A1F30EDBE009DBA19 /* PeasantMilitia.blp in Resources */,
				FEA182121F30EDBE009DBA19 /* HumanTower.mdx in Resources */,
				FEA182461F30EDBE009DBA19 /* Base.bmp in Resources */,
				CA6574021EF4CFF300E4CED1 /* Assets.xcassets in Resources */,
				FEA182131F30EDBE009DBA19 /* Tower.blp in Resources */,
				FEA1820E1F30EDBE009DBA19 /* Doodads0-0.bmp in Resources */,
				FEA1824A1F30EDBE009DBA19 /* OrcBarracksWhat1.wav in Resources */,
				FEA182231F30EDBE009DBA19 /* spawn2.bmp in Resources */,
				FEA1824B1F30EDBE009DBA19 /* OrcBarraks.bmp in Resources */,
				FEA182201F30EDBE009DBA19 /* Ground002.tif.001.tif in Resources */,
				FEA182071F30EDBE009DBA19 /* HumanBarracks.dae in Resources */,
				FEA1820B1F30EDBE009DBA19 /* HumanBase.bmp in Resources */,
				FEA1824C1F30EDBE009DBA19 /* OrcBirth.bmp in Resources */,
				FEA182391F30EDBE009DBA19 /* GruntRunning.DAE in Resources */,
				FEA1821D1F30EDBE009DBA19 /* grass.png in Resources */,
				FEA182081F30EDBE009DBA19 /* HumanBarracks.mdl in Resources */,
				CA6574051EF4CFF300E4CED1 /* LaunchScreen.storyboard in Resources */,
				FEA182431F30EDBE009DBA19 /* GruntYesAttack1.wav in Resources */,
				FEA182261F30EDBE009DBA19 /* BerserkerCaster.wav in Resources */,
				FEA182481F30EDBE009DBA19 /* OrcBarracks.dae in Resources */,
				FEA182101F30EDBE009DBA19 /* HumanBase.bmp in Resources */,
				FEA1821C1F30EDBE009DBA19 /* dirt.png in Resources */,
				FEA1820C1F30EDBE009DBA19 /* CannonTowerWhat1.wav in Resources */,
				FEA182491F30EDBE009DBA19 /* OrcBarracks.mdx in Resources */,
			);
			runOnlyForDeploymentPostprocessing = 0;
		};
/* End PBXResourcesBuildPhase section */

/* Begin PBXSourcesBuildPhase section */
		CA6573ED1EF4CFF300E4CED1 /* Sources */ = {
			isa = PBXSourcesBuildPhase;
			buildActionMask = 2147483647;
			files = (
				CA9A09771EF719C20018437D /* Team.swift in Sources */,
				CA15DCCF1F116F7500720E34 /* Environment.swift in Sources */,
				CA15DCD11F116F7500720E34 /* Missile.swift in Sources */,
				CA15DCCD1F116F7500720E34 /* BaseObject.swift in Sources */,
				CA15DD401F11762800720E34 /* Human.swift in Sources */,
				FE68F89E1EF85A9F003E9716 /* GameScene.swift in Sources */,
				CA2438AE1F3172580067F263 /* BaseObject+Extensions.swift in Sources */,
				CA15DD3E1F11761600720E34 /* Orc.swift in Sources */,
				CA15DCD01F116F7500720E34 /* HealthBar.swift in Sources */,
				CAB305BB1F09AC6900B7621A /* Hud.swift in Sources */,
				CAB305B11F08AEED00B7621A /* BuildMenu.swift in Sources */,
				CA15DCD31F116F7500720E34 /* Units.swift in Sources */,
				CAC3B4741EF5987F008DD4EA /* Extensions.swift in Sources */,
				FE68F89F1EF85A9F003E9716 /* GameViewController.swift in Sources */,
				FEA1824E1F30FFE2009DBA19 /* ObjectMenu.swift in Sources */,
				CAC3B4761EF60DA2008DD4EA /* Player.swift in Sources */,
				CAB305B71F08D5DE00B7621A /* BaseAI.swift in Sources */,
				CA15DCCE1F116F7500720E34 /* Buildings.swift in Sources */,
				CA6573F51EF4CFF300E4CED1 /* AppDelegate.swift in Sources */,
			);
			runOnlyForDeploymentPostprocessing = 0;
		};
/* End PBXSourcesBuildPhase section */

/* Begin PBXVariantGroup section */
		CA6573FE1EF4CFF300E4CED1 /* Main.storyboard */ = {
			isa = PBXVariantGroup;
			children = (
				CA6573FF1EF4CFF300E4CED1 /* Base */,
			);
			name = Main.storyboard;
			sourceTree = "<group>";
		};
		CA6574031EF4CFF300E4CED1 /* LaunchScreen.storyboard */ = {
			isa = PBXVariantGroup;
			children = (
				CA6574041EF4CFF300E4CED1 /* Base */,
			);
			name = LaunchScreen.storyboard;
			sourceTree = "<group>";
		};
/* End PBXVariantGroup section */

/* Begin XCBuildConfiguration section */
		CA6574071EF4CFF300E4CED1 /* Debug */ = {
			isa = XCBuildConfiguration;
			buildSettings = {
				ALWAYS_SEARCH_USER_PATHS = NO;
				CLANG_ANALYZER_NONNULL = YES;
				CLANG_ANALYZER_NUMBER_OBJECT_CONVERSION = YES_AGGRESSIVE;
				CLANG_CXX_LANGUAGE_STANDARD = "gnu++0x";
				CLANG_CXX_LIBRARY = "libc++";
				CLANG_ENABLE_MODULES = YES;
				CLANG_ENABLE_OBJC_ARC = YES;
				CLANG_WARN_BOOL_CONVERSION = YES;
				CLANG_WARN_CONSTANT_CONVERSION = YES;
				CLANG_WARN_DIRECT_OBJC_ISA_USAGE = YES_ERROR;
				CLANG_WARN_DOCUMENTATION_COMMENTS = YES;
				CLANG_WARN_EMPTY_BODY = YES;
				CLANG_WARN_ENUM_CONVERSION = YES;
				CLANG_WARN_INFINITE_RECURSION = YES;
				CLANG_WARN_INT_CONVERSION = YES;
				CLANG_WARN_OBJC_ROOT_CLASS = YES_ERROR;
				CLANG_WARN_SUSPICIOUS_MOVE = YES;
				CLANG_WARN_UNREACHABLE_CODE = YES;
				CLANG_WARN__DUPLICATE_METHOD_MATCH = YES;
				"CODE_SIGN_IDENTITY[sdk=iphoneos*]" = "iPhone Developer";
				COPY_PHASE_STRIP = NO;
				DEBUG_INFORMATION_FORMAT = dwarf;
				ENABLE_STRICT_OBJC_MSGSEND = YES;
				ENABLE_TESTABILITY = YES;
				GCC_C_LANGUAGE_STANDARD = gnu99;
				GCC_DYNAMIC_NO_PIC = NO;
				GCC_NO_COMMON_BLOCKS = YES;
				GCC_OPTIMIZATION_LEVEL = 0;
				GCC_PREPROCESSOR_DEFINITIONS = (
					"DEBUG=1",
					"$(inherited)",
				);
				GCC_WARN_64_TO_32_BIT_CONVERSION = YES;
				GCC_WARN_ABOUT_RETURN_TYPE = YES_ERROR;
				GCC_WARN_UNDECLARED_SELECTOR = YES;
				GCC_WARN_UNINITIALIZED_AUTOS = YES_AGGRESSIVE;
				GCC_WARN_UNUSED_FUNCTION = YES;
				GCC_WARN_UNUSED_VARIABLE = YES;
				IPHONEOS_DEPLOYMENT_TARGET = 10.3;
				MTL_ENABLE_DEBUG_INFO = YES;
				ONLY_ACTIVE_ARCH = YES;
				SDKROOT = iphoneos;
				SWIFT_ACTIVE_COMPILATION_CONDITIONS = DEBUG;
				SWIFT_OPTIMIZATION_LEVEL = "-Onone";
				TARGETED_DEVICE_FAMILY = "1,2";
			};
			name = Debug;
		};
		CA6574081EF4CFF300E4CED1 /* Release */ = {
			isa = XCBuildConfiguration;
			buildSettings = {
				ALWAYS_SEARCH_USER_PATHS = NO;
				CLANG_ANALYZER_NONNULL = YES;
				CLANG_ANALYZER_NUMBER_OBJECT_CONVERSION = YES_AGGRESSIVE;
				CLANG_CXX_LANGUAGE_STANDARD = "gnu++0x";
				CLANG_CXX_LIBRARY = "libc++";
				CLANG_ENABLE_MODULES = YES;
				CLANG_ENABLE_OBJC_ARC = YES;
				CLANG_WARN_BOOL_CONVERSION = YES;
				CLANG_WARN_CONSTANT_CONVERSION = YES;
				CLANG_WARN_DIRECT_OBJC_ISA_USAGE = YES_ERROR;
				CLANG_WARN_DOCUMENTATION_COMMENTS = YES;
				CLANG_WARN_EMPTY_BODY = YES;
				CLANG_WARN_ENUM_CONVERSION = YES;
				CLANG_WARN_INFINITE_RECURSION = YES;
				CLANG_WARN_INT_CONVERSION = YES;
				CLANG_WARN_OBJC_ROOT_CLASS = YES_ERROR;
				CLANG_WARN_SUSPICIOUS_MOVE = YES;
				CLANG_WARN_UNREACHABLE_CODE = YES;
				CLANG_WARN__DUPLICATE_METHOD_MATCH = YES;
				"CODE_SIGN_IDENTITY[sdk=iphoneos*]" = "iPhone Developer";
				COPY_PHASE_STRIP = NO;
				DEBUG_INFORMATION_FORMAT = "dwarf-with-dsym";
				ENABLE_NS_ASSERTIONS = NO;
				ENABLE_STRICT_OBJC_MSGSEND = YES;
				GCC_C_LANGUAGE_STANDARD = gnu99;
				GCC_NO_COMMON_BLOCKS = YES;
				GCC_WARN_64_TO_32_BIT_CONVERSION = YES;
				GCC_WARN_ABOUT_RETURN_TYPE = YES_ERROR;
				GCC_WARN_UNDECLARED_SELECTOR = YES;
				GCC_WARN_UNINITIALIZED_AUTOS = YES_AGGRESSIVE;
				GCC_WARN_UNUSED_FUNCTION = YES;
				GCC_WARN_UNUSED_VARIABLE = YES;
				IPHONEOS_DEPLOYMENT_TARGET = 10.3;
				MTL_ENABLE_DEBUG_INFO = NO;
				SDKROOT = iphoneos;
				SWIFT_OPTIMIZATION_LEVEL = "-Owholemodule";
				TARGETED_DEVICE_FAMILY = "1,2";
				VALIDATE_PRODUCT = YES;
			};
			name = Release;
		};
		CA65740A1EF4CFF300E4CED1 /* Debug */ = {
			isa = XCBuildConfiguration;
			buildSettings = {
				ASSETCATALOG_COMPILER_APPICON_NAME = AppIcon;
				DEVELOPMENT_TEAM = MRGX8T9A4Y;
				INFOPLIST_FILE = NexusAttack/Info.plist;
				IPHONEOS_DEPLOYMENT_TARGET = 9.0;
				LD_RUNPATH_SEARCH_PATHS = "$(inherited) @executable_path/Frameworks";
				PRODUCT_BUNDLE_IDENTIFIER = CobbWeb.NexusAttack;
				PRODUCT_NAME = "$(TARGET_NAME)";
				SWIFT_VERSION = 3.0;
			};
			name = Debug;
		};
		CA65740B1EF4CFF300E4CED1 /* Release */ = {
			isa = XCBuildConfiguration;
			buildSettings = {
				ASSETCATALOG_COMPILER_APPICON_NAME = AppIcon;
				DEVELOPMENT_TEAM = MRGX8T9A4Y;
				INFOPLIST_FILE = NexusAttack/Info.plist;
				IPHONEOS_DEPLOYMENT_TARGET = 9.0;
				LD_RUNPATH_SEARCH_PATHS = "$(inherited) @executable_path/Frameworks";
				PRODUCT_BUNDLE_IDENTIFIER = CobbWeb.NexusAttack;
				PRODUCT_NAME = "$(TARGET_NAME)";
				SWIFT_VERSION = 3.0;
			};
			name = Release;
		};
/* End XCBuildConfiguration section */

/* Begin XCConfigurationList section */
		CA6573EC1EF4CFF300E4CED1 /* Build configuration list for PBXProject "NexusAttack" */ = {
			isa = XCConfigurationList;
			buildConfigurations = (
				CA6574071EF4CFF300E4CED1 /* Debug */,
				CA6574081EF4CFF300E4CED1 /* Release */,
			);
			defaultConfigurationIsVisible = 0;
			defaultConfigurationName = Release;
		};
		CA6574091EF4CFF300E4CED1 /* Build configuration list for PBXNativeTarget "NexusAttack" */ = {
			isa = XCConfigurationList;
			buildConfigurations = (
				CA65740A1EF4CFF300E4CED1 /* Debug */,
				CA65740B1EF4CFF300E4CED1 /* Release */,
			);
			defaultConfigurationIsVisible = 0;
			defaultConfigurationName = Release;
		};
/* End XCConfigurationList section */
	};
	rootObject = CA6573E91EF4CFF300E4CED1 /* Project object */;
}
