// !$*UTF8*$!
{
	archiveVersion = 1;
	classes = {
	};
	objectVersion = 46;
	objects = {

/* Begin PBXBuildFile section */
		CA15DCCD1F116F7500720E34 /* BaseObject.swift in Sources */ = {isa = PBXBuildFile; fileRef = CA15DCC21F116F7500720E34 /* BaseObject.swift */; };
		CA15DCCE1F116F7500720E34 /* Buildings.swift in Sources */ = {isa = PBXBuildFile; fileRef = CA15DCC31F116F7500720E34 /* Buildings.swift */; };
		CA15DCCF1F116F7500720E34 /* Environment.swift in Sources */ = {isa = PBXBuildFile; fileRef = CA15DCC41F116F7500720E34 /* Environment.swift */; };
		CA15DCD01F116F7500720E34 /* HealthBar.swift in Sources */ = {isa = PBXBuildFile; fileRef = CA15DCC51F116F7500720E34 /* HealthBar.swift */; };
		CA15DCD11F116F7500720E34 /* Missile.swift in Sources */ = {isa = PBXBuildFile; fileRef = CA15DCC61F116F7500720E34 /* Missile.swift */; };
		CA15DCD31F116F7500720E34 /* Units.swift in Sources */ = {isa = PBXBuildFile; fileRef = CA15DCCA1F116F7500720E34 /* Units.swift */; };
		CA15DD3E1F11761600720E34 /* Orc.swift in Sources */ = {isa = PBXBuildFile; fileRef = CA15DD3D1F11761600720E34 /* Orc.swift */; };
		CA15DD401F11762800720E34 /* Human.swift in Sources */ = {isa = PBXBuildFile; fileRef = CA15DD3F1F11762800720E34 /* Human.swift */; };
		CA2438B01F319EAA0067F263 /* Militia.DAE in Resources */ = {isa = PBXBuildFile; fileRef = CA2438AF1F319EAA0067F263 /* Militia.DAE */; };
		CA2438B21F32F3100067F263 /* Shockwave.DAE in Resources */ = {isa = PBXBuildFile; fileRef = CA2438B11F32F3100067F263 /* Shockwave.DAE */; };
		CA2438B41F32F3E50067F263 /* Shockwave.png in Resources */ = {isa = PBXBuildFile; fileRef = CA2438B31F32F3E50067F263 /* Shockwave.png */; };
		CA2438B71F3310830067F263 /* Farm.dae in Resources */ = {isa = PBXBuildFile; fileRef = CA2438B61F3310830067F263 /* Farm.dae */; };
		CA2438BC1F3315F60067F263 /* Fortress.dae in Resources */ = {isa = PBXBuildFile; fileRef = CA2438B91F3315F60067F263 /* Fortress.dae */; };
		CA2438BD1F3315F60067F263 /* GreatHall.png in Resources */ = {isa = PBXBuildFile; fileRef = CA2438BA1F3315F60067F263 /* GreatHall.png */; };
		CA2438BE1F3315F60067F263 /* Stronghold.png in Resources */ = {isa = PBXBuildFile; fileRef = CA2438BB1F3315F60067F263 /* Stronghold.png */; };
		CA2438C91F331DF60067F263 /* Blue_Glow2.bmp in Resources */ = {isa = PBXBuildFile; fileRef = CA2438C01F331DF60067F263 /* Blue_Glow2.bmp */; };
		CA2438CA1F331DF60067F263 /* lensflare1A.bmp in Resources */ = {isa = PBXBuildFile; fileRef = CA2438C11F331DF60067F263 /* lensflare1A.bmp */; };
		CA2438CB1F331DF60067F263 /* LightningBolt.DAE in Resources */ = {isa = PBXBuildFile; fileRef = CA2438C21F331DF60067F263 /* LightningBolt.DAE */; };
		CA2438CC1F331DF60067F263 /* LightningBolt.FBX in Resources */ = {isa = PBXBuildFile; fileRef = CA2438C31F331DF60067F263 /* LightningBolt.FBX */; };
		CA2438CD1F331DF60067F263 /* Shaman.DAE in Resources */ = {isa = PBXBuildFile; fileRef = CA2438C41F331DF60067F263 /* Shaman.DAE */; };
		CA2438CE1F331DF60067F263 /* Shaman.FBX in Resources */ = {isa = PBXBuildFile; fileRef = CA2438C51F331DF60067F263 /* Shaman.FBX */; };
		CA2438CF1F331DF60067F263 /* Shaman.png in Resources */ = {isa = PBXBuildFile; fileRef = CA2438C61F331DF60067F263 /* Shaman.png */; };
		CA2438D01F331DF60067F263 /* Shockwave10.bmp in Resources */ = {isa = PBXBuildFile; fileRef = CA2438C71F331DF60067F263 /* Shockwave10.bmp */; };
		CA2438D11F331DF60067F263 /* Zap1.bmp in Resources */ = {isa = PBXBuildFile; fileRef = CA2438C81F331DF60067F263 /* Zap1.bmp */; };
		CA2438D31F3635BB0067F263 /* Grunt.png in Resources */ = {isa = PBXBuildFile; fileRef = CA2438D21F3635BB0067F263 /* Grunt.png */; };
		CA2438D51F3637520067F263 /* BaseObject+Extensions.swift in Sources */ = {isa = PBXBuildFile; fileRef = CA2438D41F3637520067F263 /* BaseObject+Extensions.swift */; };
		CA2438D81F364AFE0067F263 /* NetworkPlayer.swift in Sources */ = {isa = PBXBuildFile; fileRef = CA2438D71F364AFE0067F263 /* NetworkPlayer.swift */; };
		CA6573F51EF4CFF300E4CED1 /* AppDelegate.swift in Sources */ = {isa = PBXBuildFile; fileRef = CA6573F41EF4CFF300E4CED1 /* AppDelegate.swift */; };
		CA6574001EF4CFF300E4CED1 /* Main.storyboard in Resources */ = {isa = PBXBuildFile; fileRef = CA6573FE1EF4CFF300E4CED1 /* Main.storyboard */; };
		CA6574021EF4CFF300E4CED1 /* Assets.xcassets in Resources */ = {isa = PBXBuildFile; fileRef = CA6574011EF4CFF300E4CED1 /* Assets.xcassets */; };
		CA6574051EF4CFF300E4CED1 /* LaunchScreen.storyboard in Resources */ = {isa = PBXBuildFile; fileRef = CA6574031EF4CFF300E4CED1 /* LaunchScreen.storyboard */; };
		CA9A09771EF719C20018437D /* Team.swift in Sources */ = {isa = PBXBuildFile; fileRef = CA9A09761EF719C20018437D /* Team.swift */; };
		CAA6A4C21F36DE490055594C /* WCSocket.swift in Sources */ = {isa = PBXBuildFile; fileRef = CAA6A4C11F36DE490055594C /* WCSocket.swift */; };
		CAAF99CC1F3D79A20012E3F5 /* ToolTip.xib in Resources */ = {isa = PBXBuildFile; fileRef = CAAF99CB1F3D79A20012E3F5 /* ToolTip.xib */; };
		CAB305B11F08AEED00B7621A /* BuildMenu.swift in Sources */ = {isa = PBXBuildFile; fileRef = CAB305B01F08AEED00B7621A /* BuildMenu.swift */; };
		CAB305B71F08D5DE00B7621A /* BaseAI.swift in Sources */ = {isa = PBXBuildFile; fileRef = CAB305B61F08D5DE00B7621A /* BaseAI.swift */; };
		CAB305BB1F09AC6900B7621A /* Hud.swift in Sources */ = {isa = PBXBuildFile; fileRef = CAB305BA1F09AC6900B7621A /* Hud.swift */; };
		CAC3B4741EF5987F008DD4EA /* Extensions.swift in Sources */ = {isa = PBXBuildFile; fileRef = CAC3B4731EF5987F008DD4EA /* Extensions.swift */; };
		CAC3B4761EF60DA2008DD4EA /* Player.swift in Sources */ = {isa = PBXBuildFile; fileRef = CAC3B4751EF60DA2008DD4EA /* Player.swift */; };
		D697D7A8A8846CEFB1505296 /* Pods_NexusAttack.framework in Frameworks */ = {isa = PBXBuildFile; fileRef = 80D059418EAA746E91D78E1C /* Pods_NexusAttack.framework */; };
		FE26EBE61F3BA35500085B6B /* ToolTip.swift in Sources */ = {isa = PBXBuildFile; fileRef = FE26EBE51F3BA35500085B6B /* ToolTip.swift */; };
		FE26EBE91F3BAC8000085B6B /* gold.png in Resources */ = {isa = PBXBuildFile; fileRef = FE26EBE71F3BAC8000085B6B /* gold.png */; };
		FE26EBEA1F3BAC8000085B6B /* meat.png in Resources */ = {isa = PBXBuildFile; fileRef = FE26EBE81F3BAC8000085B6B /* meat.png */; };
		FE68F89E1EF85A9F003E9716 /* GameScene.swift in Sources */ = {isa = PBXBuildFile; fileRef = FE68F89C1EF85A9F003E9716 /* GameScene.swift */; };
		FE68F89F1EF85A9F003E9716 /* GameViewController.swift in Sources */ = {isa = PBXBuildFile; fileRef = FE68F89D1EF85A9F003E9716 /* GameViewController.swift */; };
		FE786AEA1F33AFB3001931DB /* Base.bmp in Resources */ = {isa = PBXBuildFile; fileRef = FE786AE61F33AFB3001931DB /* Base.bmp */; };
		FE786AEB1F33AFB3001931DB /* Beastiary.bmp in Resources */ = {isa = PBXBuildFile; fileRef = FE786AE71F33AFB3001931DB /* Beastiary.bmp */; };
		FE786AEC1F33AFB3001931DB /* Beastiary.dae in Resources */ = {isa = PBXBuildFile; fileRef = FE786AE81F33AFB3001931DB /* Beastiary.dae */; };
		FE786AED1F33AFB3001931DB /* Beastiary.png in Resources */ = {isa = PBXBuildFile; fileRef = FE786AE91F33AFB3001931DB /* Beastiary.png */; };
		FE786B0B1F33AFFB001931DB /* KodoBeast.DAE in Resources */ = {isa = PBXBuildFile; fileRef = FE786AF61F33AFFB001931DB /* KodoBeast.DAE */; };
		FE786B0C1F33AFFB001931DB /* KodoBeast.FBX in Resources */ = {isa = PBXBuildFile; fileRef = FE786AF71F33AFFB001931DB /* KodoBeast.FBX */; };
		FE786B0D1F33AFFB001931DB /* KotoBeast.png in Resources */ = {isa = PBXBuildFile; fileRef = FE786AF81F33AFFB001931DB /* KotoBeast.png */; };
		FE786B0E1F33AFFB001931DB /* SpiritLodge.dae in Resources */ = {isa = PBXBuildFile; fileRef = FE786AFA1F33AFFB001931DB /* SpiritLodge.dae */; };
		FE786B0F1F33AFFB001931DB /* SpiritLodge.png in Resources */ = {isa = PBXBuildFile; fileRef = FE786AFB1F33AFFB001931DB /* SpiritLodge.png */; };
		FE786B101F33AFFB001931DB /* Tauran.png in Resources */ = {isa = PBXBuildFile; fileRef = FE786AFD1F33AFFB001931DB /* Tauran.png */; };
		FE786B111F33AFFB001931DB /* Tauren.DAE in Resources */ = {isa = PBXBuildFile; fileRef = FE786AFE1F33AFFB001931DB /* Tauren.DAE */; };
		FE786B121F33AFFB001931DB /* Tauren.FBX in Resources */ = {isa = PBXBuildFile; fileRef = FE786AFF1F33AFFB001931DB /* Tauren.FBX */; };
		FE786B131F33AFFB001931DB /* TaurenTotem.dae in Resources */ = {isa = PBXBuildFile; fileRef = FE786B011F33AFFB001931DB /* TaurenTotem.dae */; };
		FE786B141F33AFFB001931DB /* TaurenTotem.png in Resources */ = {isa = PBXBuildFile; fileRef = FE786B021F33AFFB001931DB /* TaurenTotem.png */; };
		FE786B151F33AFFB001931DB /* Forge.png in Resources */ = {isa = PBXBuildFile; fileRef = FE786B041F33AFFB001931DB /* Forge.png */; };
		FE786B161F33AFFB001931DB /* LumberHut.png in Resources */ = {isa = PBXBuildFile; fileRef = FE786B051F33AFFB001931DB /* LumberHut.png */; };
		FE786B171F33AFFB001931DB /* WarMill.dae in Resources */ = {isa = PBXBuildFile; fileRef = FE786B061F33AFFB001931DB /* WarMill.dae */; };
		FE786B181F33AFFB001931DB /* WindRider.DAE in Resources */ = {isa = PBXBuildFile; fileRef = FE786B081F33AFFB001931DB /* WindRider.DAE */; };
		FE786B191F33AFFB001931DB /* WindRider.FBX in Resources */ = {isa = PBXBuildFile; fileRef = FE786B091F33AFFB001931DB /* WindRider.FBX */; };
		FE786B1A1F33AFFB001931DB /* WyvernRider.png in Resources */ = {isa = PBXBuildFile; fileRef = FE786B0A1F33AFFB001931DB /* WyvernRider.png */; };
		FE786B3D1F33B85E001931DB /* ArcaneSanctum.dae in Resources */ = {isa = PBXBuildFile; fileRef = FE786B1C1F33B85E001931DB /* ArcaneSanctum.dae */; };
		FE786B3E1F33B85E001931DB /* ArcaneSanctum.png in Resources */ = {isa = PBXBuildFile; fileRef = FE786B1D1F33B85E001931DB /* ArcaneSanctum.png */; };
		FE786B3F1F33B85E001931DB /* Footman.DAE in Resources */ = {isa = PBXBuildFile; fileRef = FE786B1F1F33B85E001931DB /* Footman.DAE */; };
		FE786B401F33B85E001931DB /* Footman.FBX in Resources */ = {isa = PBXBuildFile; fileRef = FE786B201F33B85E001931DB /* Footman.FBX */; };
		FE786B411F33B85E001931DB /* Footman.png in Resources */ = {isa = PBXBuildFile; fileRef = FE786B211F33B85E001931DB /* Footman.png */; };
		FE786B421F33B85E001931DB /* Gryphon.DAE in Resources */ = {isa = PBXBuildFile; fileRef = FE786B231F33B85E001931DB /* Gryphon.DAE */; };
		FE786B431F33B85E001931DB /* Gryphon.FBX in Resources */ = {isa = PBXBuildFile; fileRef = FE786B241F33B85E001931DB /* Gryphon.FBX */; };
		FE786B441F33B85E001931DB /* Gryphon.png in Resources */ = {isa = PBXBuildFile; fileRef = FE786B251F33B85E001931DB /* Gryphon.png */; };
		FE786B451F33B85E001931DB /* GriffonAviary.png in Resources */ = {isa = PBXBuildFile; fileRef = FE786B271F33B85E001931DB /* GriffonAviary.png */; };
		FE786B461F33B85E001931DB /* GryphonAviary.dae in Resources */ = {isa = PBXBuildFile; fileRef = FE786B281F33B85E001931DB /* GryphonAviary.dae */; };
		FE786B471F33B85E001931DB /* Knight.png in Resources */ = {isa = PBXBuildFile; fileRef = FE786B2A1F33B85E001931DB /* Knight.png */; };
		FE786B481F33B85E001931DB /* Rifleman.DAE in Resources */ = {isa = PBXBuildFile; fileRef = FE786B2C1F33B85E001931DB /* Rifleman.DAE */; };
		FE786B491F33B85E001931DB /* Rifleman.FBX in Resources */ = {isa = PBXBuildFile; fileRef = FE786B2D1F33B85E001931DB /* Rifleman.FBX */; };
		FE786B4A1F33B85E001931DB /* Rifleman.max in Resources */ = {isa = PBXBuildFile; fileRef = FE786B2E1F33B85E001931DB /* Rifleman.max */; };
		FE786B4B1F33B85E001931DB /* Rifleman.png in Resources */ = {isa = PBXBuildFile; fileRef = FE786B2F1F33B85E001931DB /* Rifleman.png */; };
		FE786B4C1F33B85E001931DB /* Shockwave.DAE in Resources */ = {isa = PBXBuildFile; fileRef = FE786B301F33B85E001931DB /* Shockwave.DAE */; };
		FE786B4D1F33B85E001931DB /* Shockwave.FBX in Resources */ = {isa = PBXBuildFile; fileRef = FE786B311F33B85E001931DB /* Shockwave.FBX */; };
		FE786B4E1F33B85E001931DB /* Shockwave.png in Resources */ = {isa = PBXBuildFile; fileRef = FE786B321F33B85E001931DB /* Shockwave.png */; };
		FE786B4F1F33B85E001931DB /* Sorceress.DAE in Resources */ = {isa = PBXBuildFile; fileRef = FE786B341F33B85E001931DB /* Sorceress.DAE */; };
		FE786B501F33B85E001931DB /* Sorceress.FBX in Resources */ = {isa = PBXBuildFile; fileRef = FE786B351F33B85E001931DB /* Sorceress.FBX */; };
		FE786B511F33B85E001931DB /* Sorceress.png in Resources */ = {isa = PBXBuildFile; fileRef = FE786B361F33B85E001931DB /* Sorceress.png */; };
		FE786B521F33B85E001931DB /* TownHall.dae in Resources */ = {isa = PBXBuildFile; fileRef = FE786B381F33B85E001931DB /* TownHall.dae */; };
		FE786B531F33B85E001931DB /* TownHallCastleKeep.png in Resources */ = {isa = PBXBuildFile; fileRef = FE786B391F33B85E001931DB /* TownHallCastleKeep.png */; };
		FE786B541F33B85E001931DB /* Factory.png in Resources */ = {isa = PBXBuildFile; fileRef = FE786B3B1F33B85E001931DB /* Factory.png */; };
		FE786B551F33B85E001931DB /* Workshop.dae in Resources */ = {isa = PBXBuildFile; fileRef = FE786B3C1F33B85E001931DB /* Workshop.dae */; };
		FE786B571F33BBE2001931DB /* House.png in Resources */ = {isa = PBXBuildFile; fileRef = FE786B561F33BBE2001931DB /* House.png */; };
		FEA182041F30EDBE009DBA19 /* DeathSmug.bmp in Resources */ = {isa = PBXBuildFile; fileRef = FEA181B51F30EDBE009DBA19 /* DeathSmug.bmp */; };
		FEA182051F30EDBE009DBA19 /* Doodads0.bmp in Resources */ = {isa = PBXBuildFile; fileRef = FEA181B61F30EDBE009DBA19 /* Doodads0.bmp */; };
		FEA182061F30EDBE009DBA19 /* Garrison.bmp in Resources */ = {isa = PBXBuildFile; fileRef = FEA181B71F30EDBE009DBA19 /* Garrison.bmp */; };
		FEA182071F30EDBE009DBA19 /* HumanBarracks.dae in Resources */ = {isa = PBXBuildFile; fileRef = FEA181B81F30EDBE009DBA19 /* HumanBarracks.dae */; };
		FEA182081F30EDBE009DBA19 /* HumanBarracks.mdl in Resources */ = {isa = PBXBuildFile; fileRef = FEA181B91F30EDBE009DBA19 /* HumanBarracks.mdl */; };
		FEA182091F30EDBE009DBA19 /* HumanBarracks.mdx in Resources */ = {isa = PBXBuildFile; fileRef = FEA181BA1F30EDBE009DBA19 /* HumanBarracks.mdx */; };
		FEA1820A1F30EDBE009DBA19 /* HumanBarracksWhat1.wav in Resources */ = {isa = PBXBuildFile; fileRef = FEA181BB1F30EDBE009DBA19 /* HumanBarracksWhat1.wav */; };
		FEA1820B1F30EDBE009DBA19 /* HumanBase.bmp in Resources */ = {isa = PBXBuildFile; fileRef = FEA181BC1F30EDBE009DBA19 /* HumanBase.bmp */; };
		FEA1820C1F30EDBE009DBA19 /* CannonTowerWhat1.wav in Resources */ = {isa = PBXBuildFile; fileRef = FEA181BE1F30EDBE009DBA19 /* CannonTowerWhat1.wav */; };
		FEA1820D1F30EDBE009DBA19 /* DeathSmug.bmp in Resources */ = {isa = PBXBuildFile; fileRef = FEA181BF1F30EDBE009DBA19 /* DeathSmug.bmp */; };
		FEA1820E1F30EDBE009DBA19 /* Doodads0-0.bmp in Resources */ = {isa = PBXBuildFile; fileRef = FEA181C01F30EDBE009DBA19 /* Doodads0-0.bmp */; };
		FEA1820F1F30EDBE009DBA19 /* GuardTowerWhat1.wav in Resources */ = {isa = PBXBuildFile; fileRef = FEA181C11F30EDBE009DBA19 /* GuardTowerWhat1.wav */; };
		FEA182101F30EDBE009DBA19 /* HumanBase.bmp in Resources */ = {isa = PBXBuildFile; fileRef = FEA181C21F30EDBE009DBA19 /* HumanBase.bmp */; };
		FEA182111F30EDBE009DBA19 /* HumanTower.dae in Resources */ = {isa = PBXBuildFile; fileRef = FEA181C31F30EDBE009DBA19 /* HumanTower.dae */; };
		FEA182121F30EDBE009DBA19 /* HumanTower.mdx in Resources */ = {isa = PBXBuildFile; fileRef = FEA181C41F30EDBE009DBA19 /* HumanTower.mdx */; };
		FEA182131F30EDBE009DBA19 /* Tower.blp in Resources */ = {isa = PBXBuildFile; fileRef = FEA181C51F30EDBE009DBA19 /* Tower.blp */; };
		FEA182141F30EDBE009DBA19 /* Tower.bmp in Resources */ = {isa = PBXBuildFile; fileRef = FEA181C61F30EDBE009DBA19 /* Tower.bmp */; };
		FEA182151F30EDBE009DBA19 /* WatchTowerWhat1.wav in Resources */ = {isa = PBXBuildFile; fileRef = FEA181C71F30EDBE009DBA19 /* WatchTowerWhat1.wav */; };
		FEA182161F30EDBE009DBA19 /* gutz.bmp in Resources */ = {isa = PBXBuildFile; fileRef = FEA181C91F30EDBE009DBA19 /* gutz.bmp */; };
		FEA182181F30EDBE009DBA19 /* Militia.mdx in Resources */ = {isa = PBXBuildFile; fileRef = FEA181CB1F30EDBE009DBA19 /* Militia.mdx */; };
		FEA182191F30EDBE009DBA19 /* Militia_Portrait.mdx in Resources */ = {isa = PBXBuildFile; fileRef = FEA181CC1F30EDBE009DBA19 /* Militia_Portrait.mdx */; };
		FEA1821A1F30EDBE009DBA19 /* PeasantMilitia.blp in Resources */ = {isa = PBXBuildFile; fileRef = FEA181CD1F30EDBE009DBA19 /* PeasantMilitia.blp */; };
		FEA1821B1F30EDBE009DBA19 /* PeasantMilitia.bmp in Resources */ = {isa = PBXBuildFile; fileRef = FEA181CE1F30EDBE009DBA19 /* PeasantMilitia.bmp */; };
		FEA1821C1F30EDBE009DBA19 /* dirt.png in Resources */ = {isa = PBXBuildFile; fileRef = FEA181D01F30EDBE009DBA19 /* dirt.png */; };
		FEA1821D1F30EDBE009DBA19 /* grass.png in Resources */ = {isa = PBXBuildFile; fileRef = FEA181D11F30EDBE009DBA19 /* grass.png */; };
		FEA1821E1F30EDBE009DBA19 /* grass_short.png in Resources */ = {isa = PBXBuildFile; fileRef = FEA181D21F30EDBE009DBA19 /* grass_short.png */; };
		FEA1821F1F30EDBE009DBA19 /* Ground002.tif in Resources */ = {isa = PBXBuildFile; fileRef = FEA181D31F30EDBE009DBA19 /* Ground002.tif */; };
		FEA182201F30EDBE009DBA19 /* Ground002.tif.001.tif in Resources */ = {isa = PBXBuildFile; fileRef = FEA181D41F30EDBE009DBA19 /* Ground002.tif.001.tif */; };
		FEA182211F30EDBE009DBA19 /* map2.dae in Resources */ = {isa = PBXBuildFile; fileRef = FEA181D51F30EDBE009DBA19 /* map2.dae */; };
		FEA182241F30EDBE009DBA19 /* tileMap.tm in Resources */ = {isa = PBXBuildFile; fileRef = FEA181D81F30EDBE009DBA19 /* tileMap.tm */; };
		FEA182251F30EDBE009DBA19 /* tileMap2.tm in Resources */ = {isa = PBXBuildFile; fileRef = FEA181D91F30EDBE009DBA19 /* tileMap2.tm */; };
		FEA182261F30EDBE009DBA19 /* BerserkerCaster.wav in Resources */ = {isa = PBXBuildFile; fileRef = FEA181DC1F30EDBE009DBA19 /* BerserkerCaster.wav */; };
		FEA182271F30EDBE009DBA19 /* Grun6.DAE in Resources */ = {isa = PBXBuildFile; fileRef = FEA181DD1F30EDBE009DBA19 /* Grun6.DAE */; };
		FEA182301F30EDBE009DBA19 /* GruntDeath.wav in Resources */ = {isa = PBXBuildFile; fileRef = FEA181E61F30EDBE009DBA19 /* GruntDeath.wav */; };
		FEA182381F30EDBE009DBA19 /* GruntReady1.wav in Resources */ = {isa = PBXBuildFile; fileRef = FEA181EE1F30EDBE009DBA19 /* GruntReady1.wav */; };
		FEA182391F30EDBE009DBA19 /* GruntRunning.DAE in Resources */ = {isa = PBXBuildFile; fileRef = FEA181EF1F30EDBE009DBA19 /* GruntRunning.DAE */; };
		FEA1823A1F30EDBE009DBA19 /* GruntWarcry1.wav in Resources */ = {isa = PBXBuildFile; fileRef = FEA181F01F30EDBE009DBA19 /* GruntWarcry1.wav */; };
		FEA182431F30EDBE009DBA19 /* GruntYesAttack1.wav in Resources */ = {isa = PBXBuildFile; fileRef = FEA181F91F30EDBE009DBA19 /* GruntYesAttack1.wav */; };
		FEA182441F30EDBE009DBA19 /* GruntYesAttack2.wav in Resources */ = {isa = PBXBuildFile; fileRef = FEA181FA1F30EDBE009DBA19 /* GruntYesAttack2.wav */; };
		FEA182451F30EDBE009DBA19 /* GruntYesAttack3.wav in Resources */ = {isa = PBXBuildFile; fileRef = FEA181FB1F30EDBE009DBA19 /* GruntYesAttack3.wav */; };
		FEA182461F30EDBE009DBA19 /* Base.bmp in Resources */ = {isa = PBXBuildFile; fileRef = FEA181FD1F30EDBE009DBA19 /* Base.bmp */; };
		FEA182471F30EDBE009DBA19 /* DeathSmug.bmp in Resources */ = {isa = PBXBuildFile; fileRef = FEA181FE1F30EDBE009DBA19 /* DeathSmug.bmp */; };
		FEA182481F30EDBE009DBA19 /* OrcBarracks.dae in Resources */ = {isa = PBXBuildFile; fileRef = FEA181FF1F30EDBE009DBA19 /* OrcBarracks.dae */; };
		FEA182491F30EDBE009DBA19 /* OrcBarracks.mdx in Resources */ = {isa = PBXBuildFile; fileRef = FEA182001F30EDBE009DBA19 /* OrcBarracks.mdx */; };
		FEA1824A1F30EDBE009DBA19 /* OrcBarracksWhat1.wav in Resources */ = {isa = PBXBuildFile; fileRef = FEA182011F30EDBE009DBA19 /* OrcBarracksWhat1.wav */; };
		FEA1824B1F30EDBE009DBA19 /* OrcBarraks.bmp in Resources */ = {isa = PBXBuildFile; fileRef = FEA182021F30EDBE009DBA19 /* OrcBarraks.bmp */; };
		FEA1824C1F30EDBE009DBA19 /* OrcBirth.bmp in Resources */ = {isa = PBXBuildFile; fileRef = FEA182031F30EDBE009DBA19 /* OrcBirth.bmp */; };
		FEA1824E1F30FFE2009DBA19 /* ObjectMenu.swift in Sources */ = {isa = PBXBuildFile; fileRef = FEA1824D1F30FFE2009DBA19 /* ObjectMenu.swift */; };
/* End PBXBuildFile section */

/* Begin PBXFileReference section */
		101BD4E9522F3C590D34674D /* Pods-NexusAttack.debug.xcconfig */ = {isa = PBXFileReference; includeInIndex = 1; lastKnownFileType = text.xcconfig; name = "Pods-NexusAttack.debug.xcconfig"; path = "Pods/Target Support Files/Pods-NexusAttack/Pods-NexusAttack.debug.xcconfig"; sourceTree = "<group>"; };
		80D059418EAA746E91D78E1C /* Pods_NexusAttack.framework */ = {isa = PBXFileReference; explicitFileType = wrapper.framework; includeInIndex = 0; path = Pods_NexusAttack.framework; sourceTree = BUILT_PRODUCTS_DIR; };
		CA15DCC21F116F7500720E34 /* BaseObject.swift */ = {isa = PBXFileReference; fileEncoding = 4; lastKnownFileType = sourcecode.swift; path = BaseObject.swift; sourceTree = "<group>"; };
		CA15DCC31F116F7500720E34 /* Buildings.swift */ = {isa = PBXFileReference; fileEncoding = 4; lastKnownFileType = sourcecode.swift; path = Buildings.swift; sourceTree = "<group>"; };
		CA15DCC41F116F7500720E34 /* Environment.swift */ = {isa = PBXFileReference; fileEncoding = 4; lastKnownFileType = sourcecode.swift; path = Environment.swift; sourceTree = "<group>"; };
		CA15DCC51F116F7500720E34 /* HealthBar.swift */ = {isa = PBXFileReference; fileEncoding = 4; lastKnownFileType = sourcecode.swift; path = HealthBar.swift; sourceTree = "<group>"; };
		CA15DCC61F116F7500720E34 /* Missile.swift */ = {isa = PBXFileReference; fileEncoding = 4; lastKnownFileType = sourcecode.swift; path = Missile.swift; sourceTree = "<group>"; };
		CA15DCCA1F116F7500720E34 /* Units.swift */ = {isa = PBXFileReference; fileEncoding = 4; lastKnownFileType = sourcecode.swift; path = Units.swift; sourceTree = "<group>"; };
		CA15DD3D1F11761600720E34 /* Orc.swift */ = {isa = PBXFileReference; fileEncoding = 4; lastKnownFileType = sourcecode.swift; path = Orc.swift; sourceTree = "<group>"; };
		CA15DD3F1F11762800720E34 /* Human.swift */ = {isa = PBXFileReference; fileEncoding = 4; lastKnownFileType = sourcecode.swift; path = Human.swift; sourceTree = "<group>"; };
		CA2438AF1F319EAA0067F263 /* Militia.DAE */ = {isa = PBXFileReference; fileEncoding = 4; lastKnownFileType = text.xml.dae; path = Militia.DAE; sourceTree = "<group>"; };
		CA2438B11F32F3100067F263 /* Shockwave.DAE */ = {isa = PBXFileReference; fileEncoding = 4; lastKnownFileType = text.xml.dae; path = Shockwave.DAE; sourceTree = "<group>"; };
		CA2438B31F32F3E50067F263 /* Shockwave.png */ = {isa = PBXFileReference; lastKnownFileType = image.png; path = Shockwave.png; sourceTree = "<group>"; };
		CA2438B61F3310830067F263 /* Farm.dae */ = {isa = PBXFileReference; fileEncoding = 4; lastKnownFileType = text.xml.dae; path = Farm.dae; sourceTree = "<group>"; };
		CA2438B91F3315F60067F263 /* Fortress.dae */ = {isa = PBXFileReference; fileEncoding = 4; lastKnownFileType = text.xml.dae; path = Fortress.dae; sourceTree = "<group>"; };
		CA2438BA1F3315F60067F263 /* GreatHall.png */ = {isa = PBXFileReference; lastKnownFileType = image.png; path = GreatHall.png; sourceTree = "<group>"; };
		CA2438BB1F3315F60067F263 /* Stronghold.png */ = {isa = PBXFileReference; lastKnownFileType = image.png; path = Stronghold.png; sourceTree = "<group>"; };
		CA2438C01F331DF60067F263 /* Blue_Glow2.bmp */ = {isa = PBXFileReference; lastKnownFileType = image.bmp; path = Blue_Glow2.bmp; sourceTree = "<group>"; };
		CA2438C11F331DF60067F263 /* lensflare1A.bmp */ = {isa = PBXFileReference; lastKnownFileType = image.bmp; path = lensflare1A.bmp; sourceTree = "<group>"; };
		CA2438C21F331DF60067F263 /* LightningBolt.DAE */ = {isa = PBXFileReference; fileEncoding = 4; lastKnownFileType = text.xml.dae; path = LightningBolt.DAE; sourceTree = "<group>"; };
		CA2438C31F331DF60067F263 /* LightningBolt.FBX */ = {isa = PBXFileReference; lastKnownFileType = file; path = LightningBolt.FBX; sourceTree = "<group>"; };
		CA2438C41F331DF60067F263 /* Shaman.DAE */ = {isa = PBXFileReference; fileEncoding = 4; lastKnownFileType = text.xml.dae; path = Shaman.DAE; sourceTree = "<group>"; };
		CA2438C51F331DF60067F263 /* Shaman.FBX */ = {isa = PBXFileReference; lastKnownFileType = file; path = Shaman.FBX; sourceTree = "<group>"; };
		CA2438C61F331DF60067F263 /* Shaman.png */ = {isa = PBXFileReference; lastKnownFileType = image.png; path = Shaman.png; sourceTree = "<group>"; };
		CA2438C71F331DF60067F263 /* Shockwave10.bmp */ = {isa = PBXFileReference; lastKnownFileType = image.bmp; path = Shockwave10.bmp; sourceTree = "<group>"; };
		CA2438C81F331DF60067F263 /* Zap1.bmp */ = {isa = PBXFileReference; lastKnownFileType = image.bmp; path = Zap1.bmp; sourceTree = "<group>"; };
		CA2438D21F3635BB0067F263 /* Grunt.png */ = {isa = PBXFileReference; lastKnownFileType = image.png; path = Grunt.png; sourceTree = "<group>"; };
		CA2438D41F3637520067F263 /* BaseObject+Extensions.swift */ = {isa = PBXFileReference; fileEncoding = 4; lastKnownFileType = sourcecode.swift; path = "BaseObject+Extensions.swift"; sourceTree = "<group>"; };
		CA2438D71F364AFE0067F263 /* NetworkPlayer.swift */ = {isa = PBXFileReference; fileEncoding = 4; lastKnownFileType = sourcecode.swift; path = NetworkPlayer.swift; sourceTree = "<group>"; };
		CA6573F11EF4CFF300E4CED1 /* NexusAttack.app */ = {isa = PBXFileReference; explicitFileType = wrapper.application; includeInIndex = 0; path = NexusAttack.app; sourceTree = BUILT_PRODUCTS_DIR; };
		CA6573F41EF4CFF300E4CED1 /* AppDelegate.swift */ = {isa = PBXFileReference; lastKnownFileType = sourcecode.swift; path = AppDelegate.swift; sourceTree = "<group>"; };
		CA6573FF1EF4CFF300E4CED1 /* Base */ = {isa = PBXFileReference; lastKnownFileType = file.storyboard; name = Base; path = Base.lproj/Main.storyboard; sourceTree = "<group>"; };
		CA6574011EF4CFF300E4CED1 /* Assets.xcassets */ = {isa = PBXFileReference; lastKnownFileType = folder.assetcatalog; path = Assets.xcassets; sourceTree = "<group>"; };
		CA6574041EF4CFF300E4CED1 /* Base */ = {isa = PBXFileReference; lastKnownFileType = file.storyboard; name = Base; path = Base.lproj/LaunchScreen.storyboard; sourceTree = "<group>"; };
		CA6574061EF4CFF300E4CED1 /* Info.plist */ = {isa = PBXFileReference; lastKnownFileType = text.plist.xml; path = Info.plist; sourceTree = "<group>"; };
		CA9A09761EF719C20018437D /* Team.swift */ = {isa = PBXFileReference; fileEncoding = 4; lastKnownFileType = sourcecode.swift; path = Team.swift; sourceTree = "<group>"; };
		CAA6A4C11F36DE490055594C /* WCSocket.swift */ = {isa = PBXFileReference; fileEncoding = 4; lastKnownFileType = sourcecode.swift; path = WCSocket.swift; sourceTree = "<group>"; };
		CAA6A4C41F36FBAA0055594C /* NexusAttack-Bridging-Header.h */ = {isa = PBXFileReference; lastKnownFileType = sourcecode.c.h; path = "NexusAttack-Bridging-Header.h"; sourceTree = "<group>"; };
		CAAF99CB1F3D79A20012E3F5 /* ToolTip.xib */ = {isa = PBXFileReference; fileEncoding = 4; lastKnownFileType = file.xib; path = ToolTip.xib; sourceTree = "<group>"; };
		CAB305B01F08AEED00B7621A /* BuildMenu.swift */ = {isa = PBXFileReference; fileEncoding = 4; lastKnownFileType = sourcecode.swift; path = BuildMenu.swift; sourceTree = "<group>"; };
		CAB305B61F08D5DE00B7621A /* BaseAI.swift */ = {isa = PBXFileReference; fileEncoding = 4; lastKnownFileType = sourcecode.swift; path = BaseAI.swift; sourceTree = "<group>"; };
		CAB305BA1F09AC6900B7621A /* Hud.swift */ = {isa = PBXFileReference; fileEncoding = 4; lastKnownFileType = sourcecode.swift; path = Hud.swift; sourceTree = "<group>"; };
		CAC3B4731EF5987F008DD4EA /* Extensions.swift */ = {isa = PBXFileReference; fileEncoding = 4; lastKnownFileType = sourcecode.swift; path = Extensions.swift; sourceTree = "<group>"; };
		CAC3B4751EF60DA2008DD4EA /* Player.swift */ = {isa = PBXFileReference; fileEncoding = 4; lastKnownFileType = sourcecode.swift; path = Player.swift; sourceTree = "<group>"; };
		D9820C79E6935EB5633B6DE3 /* Pods-NexusAttack.release.xcconfig */ = {isa = PBXFileReference; includeInIndex = 1; lastKnownFileType = text.xcconfig; name = "Pods-NexusAttack.release.xcconfig"; path = "Pods/Target Support Files/Pods-NexusAttack/Pods-NexusAttack.release.xcconfig"; sourceTree = "<group>"; };
		FE26EBE51F3BA35500085B6B /* ToolTip.swift */ = {isa = PBXFileReference; fileEncoding = 4; lastKnownFileType = sourcecode.swift; path = ToolTip.swift; sourceTree = "<group>"; };
		FE26EBE71F3BAC8000085B6B /* gold.png */ = {isa = PBXFileReference; lastKnownFileType = image.png; path = gold.png; sourceTree = "<group>"; };
		FE26EBE81F3BAC8000085B6B /* meat.png */ = {isa = PBXFileReference; lastKnownFileType = image.png; path = meat.png; sourceTree = "<group>"; };
		FE68F89C1EF85A9F003E9716 /* GameScene.swift */ = {isa = PBXFileReference; fileEncoding = 4; lastKnownFileType = sourcecode.swift; path = GameScene.swift; sourceTree = "<group>"; };
		FE68F89D1EF85A9F003E9716 /* GameViewController.swift */ = {isa = PBXFileReference; fileEncoding = 4; lastKnownFileType = sourcecode.swift; path = GameViewController.swift; sourceTree = "<group>"; };
		FE786AE61F33AFB3001931DB /* Base.bmp */ = {isa = PBXFileReference; lastKnownFileType = image.bmp; path = Base.bmp; sourceTree = "<group>"; };
		FE786AE71F33AFB3001931DB /* Beastiary.bmp */ = {isa = PBXFileReference; lastKnownFileType = image.bmp; path = Beastiary.bmp; sourceTree = "<group>"; };
		FE786AE81F33AFB3001931DB /* Beastiary.dae */ = {isa = PBXFileReference; fileEncoding = 4; lastKnownFileType = text.xml.dae; path = Beastiary.dae; sourceTree = "<group>"; };
		FE786AE91F33AFB3001931DB /* Beastiary.png */ = {isa = PBXFileReference; lastKnownFileType = image.png; path = Beastiary.png; sourceTree = "<group>"; };
		FE786AF61F33AFFB001931DB /* KodoBeast.DAE */ = {isa = PBXFileReference; fileEncoding = 4; lastKnownFileType = text.xml.dae; path = KodoBeast.DAE; sourceTree = "<group>"; };
		FE786AF71F33AFFB001931DB /* KodoBeast.FBX */ = {isa = PBXFileReference; lastKnownFileType = file; path = KodoBeast.FBX; sourceTree = "<group>"; };
		FE786AF81F33AFFB001931DB /* KotoBeast.png */ = {isa = PBXFileReference; lastKnownFileType = image.png; path = KotoBeast.png; sourceTree = "<group>"; };
		FE786AFA1F33AFFB001931DB /* SpiritLodge.dae */ = {isa = PBXFileReference; fileEncoding = 4; lastKnownFileType = text.xml.dae; path = SpiritLodge.dae; sourceTree = "<group>"; };
		FE786AFB1F33AFFB001931DB /* SpiritLodge.png */ = {isa = PBXFileReference; lastKnownFileType = image.png; path = SpiritLodge.png; sourceTree = "<group>"; };
		FE786AFD1F33AFFB001931DB /* Tauran.png */ = {isa = PBXFileReference; lastKnownFileType = image.png; path = Tauran.png; sourceTree = "<group>"; };
		FE786AFE1F33AFFB001931DB /* Tauren.DAE */ = {isa = PBXFileReference; fileEncoding = 4; lastKnownFileType = text.xml.dae; path = Tauren.DAE; sourceTree = "<group>"; };
		FE786AFF1F33AFFB001931DB /* Tauren.FBX */ = {isa = PBXFileReference; lastKnownFileType = file; path = Tauren.FBX; sourceTree = "<group>"; };
		FE786B011F33AFFB001931DB /* TaurenTotem.dae */ = {isa = PBXFileReference; fileEncoding = 4; lastKnownFileType = text.xml.dae; path = TaurenTotem.dae; sourceTree = "<group>"; };
		FE786B021F33AFFB001931DB /* TaurenTotem.png */ = {isa = PBXFileReference; lastKnownFileType = image.png; path = TaurenTotem.png; sourceTree = "<group>"; };
		FE786B041F33AFFB001931DB /* Forge.png */ = {isa = PBXFileReference; lastKnownFileType = image.png; path = Forge.png; sourceTree = "<group>"; };
		FE786B051F33AFFB001931DB /* LumberHut.png */ = {isa = PBXFileReference; lastKnownFileType = image.png; path = LumberHut.png; sourceTree = "<group>"; };
		FE786B061F33AFFB001931DB /* WarMill.dae */ = {isa = PBXFileReference; fileEncoding = 4; lastKnownFileType = text.xml.dae; path = WarMill.dae; sourceTree = "<group>"; };
		FE786B081F33AFFB001931DB /* WindRider.DAE */ = {isa = PBXFileReference; fileEncoding = 4; lastKnownFileType = text.xml.dae; path = WindRider.DAE; sourceTree = "<group>"; };
		FE786B091F33AFFB001931DB /* WindRider.FBX */ = {isa = PBXFileReference; lastKnownFileType = file; path = WindRider.FBX; sourceTree = "<group>"; };
		FE786B0A1F33AFFB001931DB /* WyvernRider.png */ = {isa = PBXFileReference; lastKnownFileType = image.png; path = WyvernRider.png; sourceTree = "<group>"; };
		FE786B1C1F33B85E001931DB /* ArcaneSanctum.dae */ = {isa = PBXFileReference; fileEncoding = 4; lastKnownFileType = text.xml.dae; path = ArcaneSanctum.dae; sourceTree = "<group>"; };
		FE786B1D1F33B85E001931DB /* ArcaneSanctum.png */ = {isa = PBXFileReference; lastKnownFileType = image.png; path = ArcaneSanctum.png; sourceTree = "<group>"; };
		FE786B1F1F33B85E001931DB /* Footman.DAE */ = {isa = PBXFileReference; fileEncoding = 4; lastKnownFileType = text.xml.dae; path = Footman.DAE; sourceTree = "<group>"; };
		FE786B201F33B85E001931DB /* Footman.FBX */ = {isa = PBXFileReference; lastKnownFileType = file; path = Footman.FBX; sourceTree = "<group>"; };
		FE786B211F33B85E001931DB /* Footman.png */ = {isa = PBXFileReference; lastKnownFileType = image.png; path = Footman.png; sourceTree = "<group>"; };
		FE786B231F33B85E001931DB /* Gryphon.DAE */ = {isa = PBXFileReference; fileEncoding = 4; lastKnownFileType = text.xml.dae; path = Gryphon.DAE; sourceTree = "<group>"; };
		FE786B241F33B85E001931DB /* Gryphon.FBX */ = {isa = PBXFileReference; lastKnownFileType = file; path = Gryphon.FBX; sourceTree = "<group>"; };
		FE786B251F33B85E001931DB /* Gryphon.png */ = {isa = PBXFileReference; lastKnownFileType = image.png; path = Gryphon.png; sourceTree = "<group>"; };
		FE786B271F33B85E001931DB /* GriffonAviary.png */ = {isa = PBXFileReference; lastKnownFileType = image.png; path = GriffonAviary.png; sourceTree = "<group>"; };
		FE786B281F33B85E001931DB /* GryphonAviary.dae */ = {isa = PBXFileReference; fileEncoding = 4; lastKnownFileType = text.xml.dae; path = GryphonAviary.dae; sourceTree = "<group>"; };
		FE786B2A1F33B85E001931DB /* Knight.png */ = {isa = PBXFileReference; lastKnownFileType = image.png; path = Knight.png; sourceTree = "<group>"; };
		FE786B2C1F33B85E001931DB /* Rifleman.DAE */ = {isa = PBXFileReference; fileEncoding = 4; lastKnownFileType = text.xml.dae; path = Rifleman.DAE; sourceTree = "<group>"; };
		FE786B2D1F33B85E001931DB /* Rifleman.FBX */ = {isa = PBXFileReference; lastKnownFileType = file; path = Rifleman.FBX; sourceTree = "<group>"; };
		FE786B2E1F33B85E001931DB /* Rifleman.max */ = {isa = PBXFileReference; lastKnownFileType = file; path = Rifleman.max; sourceTree = "<group>"; };
		FE786B2F1F33B85E001931DB /* Rifleman.png */ = {isa = PBXFileReference; lastKnownFileType = image.png; path = Rifleman.png; sourceTree = "<group>"; };
		FE786B301F33B85E001931DB /* Shockwave.DAE */ = {isa = PBXFileReference; fileEncoding = 4; lastKnownFileType = text.xml.dae; path = Shockwave.DAE; sourceTree = "<group>"; };
		FE786B311F33B85E001931DB /* Shockwave.FBX */ = {isa = PBXFileReference; lastKnownFileType = file; path = Shockwave.FBX; sourceTree = "<group>"; };
		FE786B321F33B85E001931DB /* Shockwave.png */ = {isa = PBXFileReference; lastKnownFileType = image.png; path = Shockwave.png; sourceTree = "<group>"; };
		FE786B341F33B85E001931DB /* Sorceress.DAE */ = {isa = PBXFileReference; fileEncoding = 4; lastKnownFileType = text.xml.dae; path = Sorceress.DAE; sourceTree = "<group>"; };
		FE786B351F33B85E001931DB /* Sorceress.FBX */ = {isa = PBXFileReference; lastKnownFileType = file; path = Sorceress.FBX; sourceTree = "<group>"; };
		FE786B361F33B85E001931DB /* Sorceress.png */ = {isa = PBXFileReference; lastKnownFileType = image.png; path = Sorceress.png; sourceTree = "<group>"; };
		FE786B381F33B85E001931DB /* TownHall.dae */ = {isa = PBXFileReference; fileEncoding = 4; lastKnownFileType = text.xml.dae; path = TownHall.dae; sourceTree = "<group>"; };
		FE786B391F33B85E001931DB /* TownHallCastleKeep.png */ = {isa = PBXFileReference; lastKnownFileType = image.png; path = TownHallCastleKeep.png; sourceTree = "<group>"; };
		FE786B3B1F33B85E001931DB /* Factory.png */ = {isa = PBXFileReference; lastKnownFileType = image.png; path = Factory.png; sourceTree = "<group>"; };
		FE786B3C1F33B85E001931DB /* Workshop.dae */ = {isa = PBXFileReference; fileEncoding = 4; lastKnownFileType = text.xml.dae; path = Workshop.dae; sourceTree = "<group>"; };
		FE786B561F33BBE2001931DB /* House.png */ = {isa = PBXFileReference; lastKnownFileType = image.png; path = House.png; sourceTree = "<group>"; };
		FEA181B51F30EDBE009DBA19 /* DeathSmug.bmp */ = {isa = PBXFileReference; lastKnownFileType = image.bmp; path = DeathSmug.bmp; sourceTree = "<group>"; };
		FEA181B61F30EDBE009DBA19 /* Doodads0.bmp */ = {isa = PBXFileReference; lastKnownFileType = image.bmp; path = Doodads0.bmp; sourceTree = "<group>"; };
		FEA181B71F30EDBE009DBA19 /* Garrison.bmp */ = {isa = PBXFileReference; lastKnownFileType = image.bmp; path = Garrison.bmp; sourceTree = "<group>"; };
		FEA181B81F30EDBE009DBA19 /* HumanBarracks.dae */ = {isa = PBXFileReference; fileEncoding = 4; lastKnownFileType = text.xml.dae; path = HumanBarracks.dae; sourceTree = "<group>"; };
		FEA181B91F30EDBE009DBA19 /* HumanBarracks.mdl */ = {isa = PBXFileReference; fileEncoding = 4; lastKnownFileType = text; path = HumanBarracks.mdl; sourceTree = "<group>"; };
		FEA181BA1F30EDBE009DBA19 /* HumanBarracks.mdx */ = {isa = PBXFileReference; lastKnownFileType = file; path = HumanBarracks.mdx; sourceTree = "<group>"; };
		FEA181BB1F30EDBE009DBA19 /* HumanBarracksWhat1.wav */ = {isa = PBXFileReference; lastKnownFileType = audio.wav; path = HumanBarracksWhat1.wav; sourceTree = "<group>"; };
		FEA181BC1F30EDBE009DBA19 /* HumanBase.bmp */ = {isa = PBXFileReference; lastKnownFileType = image.bmp; path = HumanBase.bmp; sourceTree = "<group>"; };
		FEA181BE1F30EDBE009DBA19 /* CannonTowerWhat1.wav */ = {isa = PBXFileReference; lastKnownFileType = audio.wav; path = CannonTowerWhat1.wav; sourceTree = "<group>"; };
		FEA181BF1F30EDBE009DBA19 /* DeathSmug.bmp */ = {isa = PBXFileReference; lastKnownFileType = image.bmp; path = DeathSmug.bmp; sourceTree = "<group>"; };
		FEA181C01F30EDBE009DBA19 /* Doodads0-0.bmp */ = {isa = PBXFileReference; lastKnownFileType = image.bmp; path = "Doodads0-0.bmp"; sourceTree = "<group>"; };
		FEA181C11F30EDBE009DBA19 /* GuardTowerWhat1.wav */ = {isa = PBXFileReference; lastKnownFileType = audio.wav; path = GuardTowerWhat1.wav; sourceTree = "<group>"; };
		FEA181C21F30EDBE009DBA19 /* HumanBase.bmp */ = {isa = PBXFileReference; lastKnownFileType = image.bmp; path = HumanBase.bmp; sourceTree = "<group>"; };
		FEA181C31F30EDBE009DBA19 /* HumanTower.dae */ = {isa = PBXFileReference; fileEncoding = 4; lastKnownFileType = text.xml.dae; path = HumanTower.dae; sourceTree = "<group>"; };
		FEA181C41F30EDBE009DBA19 /* HumanTower.mdx */ = {isa = PBXFileReference; lastKnownFileType = file; path = HumanTower.mdx; sourceTree = "<group>"; };
		FEA181C51F30EDBE009DBA19 /* Tower.blp */ = {isa = PBXFileReference; lastKnownFileType = file; path = Tower.blp; sourceTree = "<group>"; };
		FEA181C61F30EDBE009DBA19 /* Tower.bmp */ = {isa = PBXFileReference; lastKnownFileType = image.bmp; path = Tower.bmp; sourceTree = "<group>"; };
		FEA181C71F30EDBE009DBA19 /* WatchTowerWhat1.wav */ = {isa = PBXFileReference; lastKnownFileType = audio.wav; path = WatchTowerWhat1.wav; sourceTree = "<group>"; };
		FEA181C91F30EDBE009DBA19 /* gutz.bmp */ = {isa = PBXFileReference; lastKnownFileType = image.bmp; path = gutz.bmp; sourceTree = "<group>"; };
		FEA181CB1F30EDBE009DBA19 /* Militia.mdx */ = {isa = PBXFileReference; lastKnownFileType = file; path = Militia.mdx; sourceTree = "<group>"; };
		FEA181CC1F30EDBE009DBA19 /* Militia_Portrait.mdx */ = {isa = PBXFileReference; lastKnownFileType = file; path = Militia_Portrait.mdx; sourceTree = "<group>"; };
		FEA181CD1F30EDBE009DBA19 /* PeasantMilitia.blp */ = {isa = PBXFileReference; lastKnownFileType = file; path = PeasantMilitia.blp; sourceTree = "<group>"; };
		FEA181CE1F30EDBE009DBA19 /* PeasantMilitia.bmp */ = {isa = PBXFileReference; lastKnownFileType = image.bmp; path = PeasantMilitia.bmp; sourceTree = "<group>"; };
		FEA181D01F30EDBE009DBA19 /* dirt.png */ = {isa = PBXFileReference; lastKnownFileType = image.png; path = dirt.png; sourceTree = "<group>"; };
		FEA181D11F30EDBE009DBA19 /* grass.png */ = {isa = PBXFileReference; lastKnownFileType = image.png; path = grass.png; sourceTree = "<group>"; };
		FEA181D21F30EDBE009DBA19 /* grass_short.png */ = {isa = PBXFileReference; lastKnownFileType = image.png; path = grass_short.png; sourceTree = "<group>"; };
		FEA181D31F30EDBE009DBA19 /* Ground002.tif */ = {isa = PBXFileReference; lastKnownFileType = image.tiff; path = Ground002.tif; sourceTree = "<group>"; };
		FEA181D41F30EDBE009DBA19 /* Ground002.tif.001.tif */ = {isa = PBXFileReference; lastKnownFileType = image.tiff; path = Ground002.tif.001.tif; sourceTree = "<group>"; };
		FEA181D51F30EDBE009DBA19 /* map2.dae */ = {isa = PBXFileReference; fileEncoding = 4; lastKnownFileType = text.xml.dae; path = map2.dae; sourceTree = "<group>"; };
		FEA181D61F30EDBE009DBA19 /* Spawn1.png */ = {isa = PBXFileReference; lastKnownFileType = image.png; path = Spawn1.png; sourceTree = "<group>"; };
		FEA181D71F30EDBE009DBA19 /* spawn2.bmp */ = {isa = PBXFileReference; lastKnownFileType = image.bmp; path = spawn2.bmp; sourceTree = "<group>"; };
		FEA181D81F30EDBE009DBA19 /* tileMap.tm */ = {isa = PBXFileReference; fileEncoding = 4; lastKnownFileType = text; path = tileMap.tm; sourceTree = "<group>"; };
		FEA181D91F30EDBE009DBA19 /* tileMap2.tm */ = {isa = PBXFileReference; fileEncoding = 4; lastKnownFileType = text; path = tileMap2.tm; sourceTree = "<group>"; };
		FEA181DC1F30EDBE009DBA19 /* BerserkerCaster.wav */ = {isa = PBXFileReference; lastKnownFileType = audio.wav; path = BerserkerCaster.wav; sourceTree = "<group>"; };
		FEA181DD1F30EDBE009DBA19 /* Grun6.DAE */ = {isa = PBXFileReference; fileEncoding = 4; lastKnownFileType = text.xml.dae; path = Grun6.DAE; sourceTree = "<group>"; };
		FEA181E61F30EDBE009DBA19 /* GruntDeath.wav */ = {isa = PBXFileReference; lastKnownFileType = audio.wav; path = GruntDeath.wav; sourceTree = "<group>"; };
		FEA181EE1F30EDBE009DBA19 /* GruntReady1.wav */ = {isa = PBXFileReference; lastKnownFileType = audio.wav; path = GruntReady1.wav; sourceTree = "<group>"; };
		FEA181EF1F30EDBE009DBA19 /* GruntRunning.DAE */ = {isa = PBXFileReference; fileEncoding = 4; lastKnownFileType = text.xml.dae; path = GruntRunning.DAE; sourceTree = "<group>"; };
		FEA181F01F30EDBE009DBA19 /* GruntWarcry1.wav */ = {isa = PBXFileReference; lastKnownFileType = audio.wav; path = GruntWarcry1.wav; sourceTree = "<group>"; };
		FEA181F91F30EDBE009DBA19 /* GruntYesAttack1.wav */ = {isa = PBXFileReference; lastKnownFileType = audio.wav; path = GruntYesAttack1.wav; sourceTree = "<group>"; };
		FEA181FA1F30EDBE009DBA19 /* GruntYesAttack2.wav */ = {isa = PBXFileReference; lastKnownFileType = audio.wav; path = GruntYesAttack2.wav; sourceTree = "<group>"; };
		FEA181FB1F30EDBE009DBA19 /* GruntYesAttack3.wav */ = {isa = PBXFileReference; lastKnownFileType = audio.wav; path = GruntYesAttack3.wav; sourceTree = "<group>"; };
		FEA181FD1F30EDBE009DBA19 /* Base.bmp */ = {isa = PBXFileReference; lastKnownFileType = image.bmp; path = Base.bmp; sourceTree = "<group>"; };
		FEA181FE1F30EDBE009DBA19 /* DeathSmug.bmp */ = {isa = PBXFileReference; lastKnownFileType = image.bmp; path = DeathSmug.bmp; sourceTree = "<group>"; };
		FEA181FF1F30EDBE009DBA19 /* OrcBarracks.dae */ = {isa = PBXFileReference; fileEncoding = 4; lastKnownFileType = text.xml.dae; path = OrcBarracks.dae; sourceTree = "<group>"; };
		FEA182001F30EDBE009DBA19 /* OrcBarracks.mdx */ = {isa = PBXFileReference; lastKnownFileType = file; path = OrcBarracks.mdx; sourceTree = "<group>"; };
		FEA182011F30EDBE009DBA19 /* OrcBarracksWhat1.wav */ = {isa = PBXFileReference; lastKnownFileType = audio.wav; path = OrcBarracksWhat1.wav; sourceTree = "<group>"; };
		FEA182021F30EDBE009DBA19 /* OrcBarraks.bmp */ = {isa = PBXFileReference; lastKnownFileType = image.bmp; path = OrcBarraks.bmp; sourceTree = "<group>"; };
		FEA182031F30EDBE009DBA19 /* OrcBirth.bmp */ = {isa = PBXFileReference; lastKnownFileType = image.bmp; path = OrcBirth.bmp; sourceTree = "<group>"; };
		FEA1824D1F30FFE2009DBA19 /* ObjectMenu.swift */ = {isa = PBXFileReference; fileEncoding = 4; lastKnownFileType = sourcecode.swift; path = ObjectMenu.swift; sourceTree = "<group>"; };
/* End PBXFileReference section */

/* Begin PBXFrameworksBuildPhase section */
		CA6573EE1EF4CFF300E4CED1 /* Frameworks */ = {
			isa = PBXFrameworksBuildPhase;
			buildActionMask = 2147483647;
			files = (
				D697D7A8A8846CEFB1505296 /* Pods_NexusAttack.framework in Frameworks */,
			);
			runOnlyForDeploymentPostprocessing = 0;
		};
/* End PBXFrameworksBuildPhase section */

/* Begin PBXGroup section */
		8C355FE95198CE8D7810B056 /* Pods */ = {
			isa = PBXGroup;
			children = (
				101BD4E9522F3C590D34674D /* Pods-NexusAttack.debug.xcconfig */,
				D9820C79E6935EB5633B6DE3 /* Pods-NexusAttack.release.xcconfig */,
			);
			name = Pods;
			sourceTree = "<group>";
		};
		A3D47F1A86B72403C3688924 /* Frameworks */ = {
			isa = PBXGroup;
			children = (
				80D059418EAA746E91D78E1C /* Pods_NexusAttack.framework */,
			);
			name = Frameworks;
			sourceTree = "<group>";
		};
		CA15DCBD1F116F7500720E34 /* Engine */ = {
			isa = PBXGroup;
			children = (
				CA15DCC21F116F7500720E34 /* BaseObject.swift */,
				CA2438D41F3637520067F263 /* BaseObject+Extensions.swift */,
				CA15DCC31F116F7500720E34 /* Buildings.swift */,
				CA15DCC41F116F7500720E34 /* Environment.swift */,
				CA15DCC51F116F7500720E34 /* HealthBar.swift */,
				CA15DCC61F116F7500720E34 /* Missile.swift */,
				CA15DCCA1F116F7500720E34 /* Units.swift */,
				CA15DCC71F116F7500720E34 /* Objects */,
			);
			path = Engine;
			sourceTree = "<group>";
		};
		CA15DCC71F116F7500720E34 /* Objects */ = {
			isa = PBXGroup;
			children = (
				CA15DD3D1F11761600720E34 /* Orc.swift */,
				CA15DD3F1F11762800720E34 /* Human.swift */,
			);
			path = Objects;
			sourceTree = "<group>";
		};
		CA2438B51F3310830067F263 /* Farm */ = {
			isa = PBXGroup;
			children = (
				CA2438B61F3310830067F263 /* Farm.dae */,
				FE786B561F33BBE2001931DB /* House.png */,
			);
			path = Farm;
			sourceTree = "<group>";
		};
		CA2438B81F3315F60067F263 /* Fortress */ = {
			isa = PBXGroup;
			children = (
				CA2438B91F3315F60067F263 /* Fortress.dae */,
				CA2438BA1F3315F60067F263 /* GreatHall.png */,
				CA2438BB1F3315F60067F263 /* Stronghold.png */,
			);
			path = Fortress;
			sourceTree = "<group>";
		};
		CA2438BF1F331DF60067F263 /* Shaman */ = {
			isa = PBXGroup;
			children = (
				CA2438C01F331DF60067F263 /* Blue_Glow2.bmp */,
				CA2438C11F331DF60067F263 /* lensflare1A.bmp */,
				CA2438C21F331DF60067F263 /* LightningBolt.DAE */,
				CA2438C31F331DF60067F263 /* LightningBolt.FBX */,
				CA2438C41F331DF60067F263 /* Shaman.DAE */,
				CA2438C51F331DF60067F263 /* Shaman.FBX */,
				CA2438C61F331DF60067F263 /* Shaman.png */,
				CA2438C71F331DF60067F263 /* Shockwave10.bmp */,
				CA2438C81F331DF60067F263 /* Zap1.bmp */,
			);
			path = Shaman;
			sourceTree = "<group>";
		};
		CA2438D61F364AFE0067F263 /* Multiplayer */ = {
			isa = PBXGroup;
			children = (
				CA2438D71F364AFE0067F263 /* NetworkPlayer.swift */,
				CAA6A4C11F36DE490055594C /* WCSocket.swift */,
			);
			path = Multiplayer;
			sourceTree = "<group>";
		};
		CA6573E81EF4CFF300E4CED1 = {
			isa = PBXGroup;
			children = (
				CA6573F31EF4CFF300E4CED1 /* NexusAttack */,
				CA6573F21EF4CFF300E4CED1 /* Products */,
				8C355FE95198CE8D7810B056 /* Pods */,
				A3D47F1A86B72403C3688924 /* Frameworks */,
			);
			sourceTree = "<group>";
		};
		CA6573F21EF4CFF300E4CED1 /* Products */ = {
			isa = PBXGroup;
			children = (
				CA6573F11EF4CFF300E4CED1 /* NexusAttack.app */,
			);
			name = Products;
			sourceTree = "<group>";
		};
		CA6573F31EF4CFF300E4CED1 /* NexusAttack */ = {
			isa = PBXGroup;
			children = (
				CA65740E1EF4D9DF00E4CED1 /* Game */,
				CA6573F41EF4CFF300E4CED1 /* AppDelegate.swift */,
				CAC3B4731EF5987F008DD4EA /* Extensions.swift */,
				CA6573FE1EF4CFF300E4CED1 /* Main.storyboard */,
				CA6574011EF4CFF300E4CED1 /* Assets.xcassets */,
				FE26EBE71F3BAC8000085B6B /* gold.png */,
				FE26EBE81F3BAC8000085B6B /* meat.png */,
				CA6574031EF4CFF300E4CED1 /* LaunchScreen.storyboard */,
				CA6574061EF4CFF300E4CED1 /* Info.plist */,
				CAA6A4C41F36FBAA0055594C /* NexusAttack-Bridging-Header.h */,
			);
			path = NexusAttack;
			sourceTree = "<group>";
		};
		CA65740E1EF4D9DF00E4CED1 /* Game */ = {
			isa = PBXGroup;
			children = (
				CA6574191EF4DA3B00E4CED1 /* Models */,
				CA15DCBD1F116F7500720E34 /* Engine */,
				CAB305B51F08D5DE00B7621A /* AI */,
				CA2438D61F364AFE0067F263 /* Multiplayer */,
				CAB305AF1F08AE5C00B7621A /* Menu */,
				FE68F89B1EF85A9F003E9716 /* ViewControllers */,
				FEA181B21F30EDBE009DBA19 /* Assets */,
			);
			path = Game;
			sourceTree = "<group>";
		};
		CA6574191EF4DA3B00E4CED1 /* Models */ = {
			isa = PBXGroup;
			children = (
				CAC3B4751EF60DA2008DD4EA /* Player.swift */,
				CA9A09761EF719C20018437D /* Team.swift */,
				CAB305BA1F09AC6900B7621A /* Hud.swift */,
			);
			path = Models;
			sourceTree = "<group>";
		};
		CAB305AF1F08AE5C00B7621A /* Menu */ = {
			isa = PBXGroup;
			children = (
				CAB305B01F08AEED00B7621A /* BuildMenu.swift */,
				FEA1824D1F30FFE2009DBA19 /* ObjectMenu.swift */,
				FE26EBE51F3BA35500085B6B /* ToolTip.swift */,
				CAAF99CB1F3D79A20012E3F5 /* ToolTip.xib */,
			);
			name = Menu;
			sourceTree = "<group>";
		};
		CAB305B51F08D5DE00B7621A /* AI */ = {
			isa = PBXGroup;
			children = (
				CAB305B61F08D5DE00B7621A /* BaseAI.swift */,
			);
			path = AI;
			sourceTree = "<group>";
		};
		FE68F89B1EF85A9F003E9716 /* ViewControllers */ = {
			isa = PBXGroup;
			children = (
				FE68F89D1EF85A9F003E9716 /* GameViewController.swift */,
				FE68F89C1EF85A9F003E9716 /* GameScene.swift */,
			);
			path = ViewControllers;
			sourceTree = "<group>";
		};
		FE786AE51F33AFB3001931DB /* Beastiary */ = {
			isa = PBXGroup;
			children = (
				FE786AE61F33AFB3001931DB /* Base.bmp */,
				FE786AE71F33AFB3001931DB /* Beastiary.bmp */,
				FE786AE81F33AFB3001931DB /* Beastiary.dae */,
				FE786AE91F33AFB3001931DB /* Beastiary.png */,
			);
			path = Beastiary;
			sourceTree = "<group>";
		};
		FE786AF51F33AFFB001931DB /* Kodo Beast */ = {
			isa = PBXGroup;
			children = (
				FE786AF61F33AFFB001931DB /* KodoBeast.DAE */,
				FE786AF71F33AFFB001931DB /* KodoBeast.FBX */,
				FE786AF81F33AFFB001931DB /* KotoBeast.png */,
			);
			path = "Kodo Beast";
			sourceTree = "<group>";
		};
		FE786AF91F33AFFB001931DB /* SpiritLodge */ = {
			isa = PBXGroup;
			children = (
				FE786AFA1F33AFFB001931DB /* SpiritLodge.dae */,
				FE786AFB1F33AFFB001931DB /* SpiritLodge.png */,
			);
			path = SpiritLodge;
			sourceTree = "<group>";
		};
		FE786AFC1F33AFFB001931DB /* Tauren */ = {
			isa = PBXGroup;
			children = (
				FE786AFD1F33AFFB001931DB /* Tauran.png */,
				FE786AFE1F33AFFB001931DB /* Tauren.DAE */,
				FE786AFF1F33AFFB001931DB /* Tauren.FBX */,
			);
			path = Tauren;
			sourceTree = "<group>";
		};
		FE786B001F33AFFB001931DB /* TaurenTotem */ = {
			isa = PBXGroup;
			children = (
				FE786B011F33AFFB001931DB /* TaurenTotem.dae */,
				FE786B021F33AFFB001931DB /* TaurenTotem.png */,
			);
			path = TaurenTotem;
			sourceTree = "<group>";
		};
		FE786B031F33AFFB001931DB /* WarMill */ = {
			isa = PBXGroup;
			children = (
				FE786B041F33AFFB001931DB /* Forge.png */,
				FE786B051F33AFFB001931DB /* LumberHut.png */,
				FE786B061F33AFFB001931DB /* WarMill.dae */,
			);
			path = WarMill;
			sourceTree = "<group>";
		};
		FE786B071F33AFFB001931DB /* Wind Rider */ = {
			isa = PBXGroup;
			children = (
				FE786B081F33AFFB001931DB /* WindRider.DAE */,
				FE786B091F33AFFB001931DB /* WindRider.FBX */,
				FE786B0A1F33AFFB001931DB /* WyvernRider.png */,
			);
			path = "Wind Rider";
			sourceTree = "<group>";
		};
		FE786B1B1F33B85E001931DB /* ArcaneSanctum */ = {
			isa = PBXGroup;
			children = (
				FE786B1C1F33B85E001931DB /* ArcaneSanctum.dae */,
				FE786B1D1F33B85E001931DB /* ArcaneSanctum.png */,
			);
			path = ArcaneSanctum;
			sourceTree = "<group>";
		};
		FE786B1E1F33B85E001931DB /* Footman */ = {
			isa = PBXGroup;
			children = (
				FE786B1F1F33B85E001931DB /* Footman.DAE */,
				FE786B201F33B85E001931DB /* Footman.FBX */,
				FE786B211F33B85E001931DB /* Footman.png */,
			);
			path = Footman;
			sourceTree = "<group>";
		};
		FE786B221F33B85E001931DB /* Gryphon */ = {
			isa = PBXGroup;
			children = (
				FE786B231F33B85E001931DB /* Gryphon.DAE */,
				FE786B241F33B85E001931DB /* Gryphon.FBX */,
				FE786B251F33B85E001931DB /* Gryphon.png */,
			);
			path = Gryphon;
			sourceTree = "<group>";
		};
		FE786B261F33B85E001931DB /* GryphonAviary */ = {
			isa = PBXGroup;
			children = (
				FE786B271F33B85E001931DB /* GriffonAviary.png */,
				FE786B281F33B85E001931DB /* GryphonAviary.dae */,
			);
			path = GryphonAviary;
			sourceTree = "<group>";
		};
		FE786B291F33B85E001931DB /* Knight */ = {
			isa = PBXGroup;
			children = (
				FE786B2A1F33B85E001931DB /* Knight.png */,
			);
			path = Knight;
			sourceTree = "<group>";
		};
		FE786B2B1F33B85E001931DB /* Rifleman */ = {
			isa = PBXGroup;
			children = (
				FE786B2C1F33B85E001931DB /* Rifleman.DAE */,
				FE786B2D1F33B85E001931DB /* Rifleman.FBX */,
				FE786B2E1F33B85E001931DB /* Rifleman.max */,
				FE786B2F1F33B85E001931DB /* Rifleman.png */,
				FE786B301F33B85E001931DB /* Shockwave.DAE */,
				FE786B311F33B85E001931DB /* Shockwave.FBX */,
				FE786B321F33B85E001931DB /* Shockwave.png */,
			);
			path = Rifleman;
			sourceTree = "<group>";
		};
		FE786B331F33B85E001931DB /* Sorceress */ = {
			isa = PBXGroup;
			children = (
				FE786B341F33B85E001931DB /* Sorceress.DAE */,
				FE786B351F33B85E001931DB /* Sorceress.FBX */,
				FE786B361F33B85E001931DB /* Sorceress.png */,
			);
			path = Sorceress;
			sourceTree = "<group>";
		};
		FE786B371F33B85E001931DB /* TownHall */ = {
			isa = PBXGroup;
			children = (
				FE786B381F33B85E001931DB /* TownHall.dae */,
				FE786B391F33B85E001931DB /* TownHallCastleKeep.png */,
			);
			path = TownHall;
			sourceTree = "<group>";
		};
		FE786B3A1F33B85E001931DB /* Workshop */ = {
			isa = PBXGroup;
			children = (
				FE786B3B1F33B85E001931DB /* Factory.png */,
				FE786B3C1F33B85E001931DB /* Workshop.dae */,
			);
			path = Workshop;
			sourceTree = "<group>";
		};
		FEA181B21F30EDBE009DBA19 /* Assets */ = {
			isa = PBXGroup;
			children = (
				FEA181B31F30EDBE009DBA19 /* Human */,
				FEA181CF1F30EDBE009DBA19 /* Map */,
				FEA181DA1F30EDBE009DBA19 /* Orc */,
			);
			path = Assets;
			sourceTree = "<group>";
		};
		FEA181B31F30EDBE009DBA19 /* Human */ = {
			isa = PBXGroup;
			children = (
				FE786B1B1F33B85E001931DB /* ArcaneSanctum */,
				FE786B1E1F33B85E001931DB /* Footman */,
				FE786B221F33B85E001931DB /* Gryphon */,
				FE786B261F33B85E001931DB /* GryphonAviary */,
				FE786B291F33B85E001931DB /* Knight */,
				FE786B2B1F33B85E001931DB /* Rifleman */,
				FE786B331F33B85E001931DB /* Sorceress */,
				FE786B371F33B85E001931DB /* TownHall */,
				FE786B3A1F33B85E001931DB /* Workshop */,
				CA2438B81F3315F60067F263 /* Fortress */,
				CA2438B51F3310830067F263 /* Farm */,
				FEA181B41F30EDBE009DBA19 /* HumanBarracks */,
				FEA181BD1F30EDBE009DBA19 /* HumanTower */,
				FEA181C81F30EDBE009DBA19 /* Militia */,
			);
			path = Human;
			sourceTree = "<group>";
		};
		FEA181B41F30EDBE009DBA19 /* HumanBarracks */ = {
			isa = PBXGroup;
			children = (
				FEA181B51F30EDBE009DBA19 /* DeathSmug.bmp */,
				FEA181B61F30EDBE009DBA19 /* Doodads0.bmp */,
				FEA181B71F30EDBE009DBA19 /* Garrison.bmp */,
				FEA181B81F30EDBE009DBA19 /* HumanBarracks.dae */,
				FEA181B91F30EDBE009DBA19 /* HumanBarracks.mdl */,
				FEA181BA1F30EDBE009DBA19 /* HumanBarracks.mdx */,
				FEA181BB1F30EDBE009DBA19 /* HumanBarracksWhat1.wav */,
				FEA181BC1F30EDBE009DBA19 /* HumanBase.bmp */,
			);
			path = HumanBarracks;
			sourceTree = "<group>";
		};
		FEA181BD1F30EDBE009DBA19 /* HumanTower */ = {
			isa = PBXGroup;
			children = (
				FEA181BE1F30EDBE009DBA19 /* CannonTowerWhat1.wav */,
				FEA181BF1F30EDBE009DBA19 /* DeathSmug.bmp */,
				FEA181C01F30EDBE009DBA19 /* Doodads0-0.bmp */,
				FEA181C11F30EDBE009DBA19 /* GuardTowerWhat1.wav */,
				FEA181C21F30EDBE009DBA19 /* HumanBase.bmp */,
				FEA181C31F30EDBE009DBA19 /* HumanTower.dae */,
				FEA181C41F30EDBE009DBA19 /* HumanTower.mdx */,
				FEA181C51F30EDBE009DBA19 /* Tower.blp */,
				FEA181C61F30EDBE009DBA19 /* Tower.bmp */,
				FEA181C71F30EDBE009DBA19 /* WatchTowerWhat1.wav */,
			);
			path = HumanTower;
			sourceTree = "<group>";
		};
		FEA181C81F30EDBE009DBA19 /* Militia */ = {
			isa = PBXGroup;
			children = (
				FEA181C91F30EDBE009DBA19 /* gutz.bmp */,
				CA2438AF1F319EAA0067F263 /* Militia.DAE */,
				FEA181CB1F30EDBE009DBA19 /* Militia.mdx */,
				FEA181CC1F30EDBE009DBA19 /* Militia_Portrait.mdx */,
				CA2438B11F32F3100067F263 /* Shockwave.DAE */,
				CA2438B31F32F3E50067F263 /* Shockwave.png */,
				FEA181CD1F30EDBE009DBA19 /* PeasantMilitia.blp */,
				FEA181CE1F30EDBE009DBA19 /* PeasantMilitia.bmp */,
			);
			path = Militia;
			sourceTree = "<group>";
		};
		FEA181CF1F30EDBE009DBA19 /* Map */ = {
			isa = PBXGroup;
			children = (
				FEA181D01F30EDBE009DBA19 /* dirt.png */,
				FEA181D11F30EDBE009DBA19 /* grass.png */,
				FEA181D21F30EDBE009DBA19 /* grass_short.png */,
				FEA181D31F30EDBE009DBA19 /* Ground002.tif */,
				FEA181D41F30EDBE009DBA19 /* Ground002.tif.001.tif */,
				FEA181D51F30EDBE009DBA19 /* map2.dae */,
				FEA181D61F30EDBE009DBA19 /* Spawn1.png */,
				FEA181D71F30EDBE009DBA19 /* spawn2.bmp */,
				FEA181D81F30EDBE009DBA19 /* tileMap.tm */,
				FEA181D91F30EDBE009DBA19 /* tileMap2.tm */,
			);
			path = Map;
			sourceTree = "<group>";
		};
		FEA181DA1F30EDBE009DBA19 /* Orc */ = {
			isa = PBXGroup;
			children = (
				FE786AF51F33AFFB001931DB /* Kodo Beast */,
				FE786AF91F33AFFB001931DB /* SpiritLodge */,
				FE786AFC1F33AFFB001931DB /* Tauren */,
				FE786B001F33AFFB001931DB /* TaurenTotem */,
				FE786B031F33AFFB001931DB /* WarMill */,
				FE786B071F33AFFB001931DB /* Wind Rider */,
				FE786AE51F33AFB3001931DB /* Beastiary */,
				CA2438BF1F331DF60067F263 /* Shaman */,
				FEA181DB1F30EDBE009DBA19 /* Grunt */,
				FEA181FC1F30EDBE009DBA19 /* OrcBarracks */,
			);
			path = Orc;
			sourceTree = "<group>";
		};
		FEA181DB1F30EDBE009DBA19 /* Grunt */ = {
			isa = PBXGroup;
			children = (
				FEA181DC1F30EDBE009DBA19 /* BerserkerCaster.wav */,
				FEA181DD1F30EDBE009DBA19 /* Grun6.DAE */,
				CA2438D21F3635BB0067F263 /* Grunt.png */,
				FEA181E61F30EDBE009DBA19 /* GruntDeath.wav */,
				FEA181EE1F30EDBE009DBA19 /* GruntReady1.wav */,
				FEA181EF1F30EDBE009DBA19 /* GruntRunning.DAE */,
				FEA181F01F30EDBE009DBA19 /* GruntWarcry1.wav */,
				FEA181F91F30EDBE009DBA19 /* GruntYesAttack1.wav */,
				FEA181FA1F30EDBE009DBA19 /* GruntYesAttack2.wav */,
				FEA181FB1F30EDBE009DBA19 /* GruntYesAttack3.wav */,
			);
			path = Grunt;
			sourceTree = "<group>";
		};
		FEA181FC1F30EDBE009DBA19 /* OrcBarracks */ = {
			isa = PBXGroup;
			children = (
				FEA181FD1F30EDBE009DBA19 /* Base.bmp */,
				FEA181FE1F30EDBE009DBA19 /* DeathSmug.bmp */,
				FEA181FF1F30EDBE009DBA19 /* OrcBarracks.dae */,
				FEA182001F30EDBE009DBA19 /* OrcBarracks.mdx */,
				FEA182011F30EDBE009DBA19 /* OrcBarracksWhat1.wav */,
				FEA182021F30EDBE009DBA19 /* OrcBarraks.bmp */,
				FEA182031F30EDBE009DBA19 /* OrcBirth.bmp */,
			);
			path = OrcBarracks;
			sourceTree = "<group>";
		};
/* End PBXGroup section */

/* Begin PBXNativeTarget section */
		CA6573F01EF4CFF300E4CED1 /* NexusAttack */ = {
			isa = PBXNativeTarget;
			buildConfigurationList = CA6574091EF4CFF300E4CED1 /* Build configuration list for PBXNativeTarget "NexusAttack" */;
			buildPhases = (
				1A3878C4161CEFE2F6208768 /* [CP] Check Pods Manifest.lock */,
				CA6573ED1EF4CFF300E4CED1 /* Sources */,
				CA6573EE1EF4CFF300E4CED1 /* Frameworks */,
				CA6573EF1EF4CFF300E4CED1 /* Resources */,
				85E07426770576CB261F3D56 /* [CP] Embed Pods Frameworks */,
				6CF77FE4F7F2E3A9DE4CB94F /* [CP] Copy Pods Resources */,
			);
			buildRules = (
			);
			dependencies = (
			);
			name = NexusAttack;
			productName = NexusAttack;
			productReference = CA6573F11EF4CFF300E4CED1 /* NexusAttack.app */;
			productType = "com.apple.product-type.application";
		};
/* End PBXNativeTarget section */

/* Begin PBXProject section */
		CA6573E91EF4CFF300E4CED1 /* Project object */ = {
			isa = PBXProject;
			attributes = {
				LastSwiftUpdateCheck = 0830;
				LastUpgradeCheck = 0830;
				ORGANIZATIONNAME = CobbWeb;
				TargetAttributes = {
					CA6573F01EF4CFF300E4CED1 = {
						CreatedOnToolsVersion = 8.3.2;
						DevelopmentTeam = MRGX8T9A4Y;
						ProvisioningStyle = Automatic;
					};
				};
			};
			buildConfigurationList = CA6573EC1EF4CFF300E4CED1 /* Build configuration list for PBXProject "NexusAttack" */;
			compatibilityVersion = "Xcode 3.2";
			developmentRegion = English;
			hasScannedForEncodings = 0;
			knownRegions = (
				en,
				Base,
			);
			mainGroup = CA6573E81EF4CFF300E4CED1;
			productRefGroup = CA6573F21EF4CFF300E4CED1 /* Products */;
			projectDirPath = "";
			projectRoot = "";
			targets = (
				CA6573F01EF4CFF300E4CED1 /* NexusAttack */,
			);
		};
/* End PBXProject section */

/* Begin PBXResourcesBuildPhase section */
		CA6573EF1EF4CFF300E4CED1 /* Resources */ = {
			isa = PBXResourcesBuildPhase;
			buildActionMask = 2147483647;
			files = (
				FE786B4D1F33B85E001931DB /* Shockwave.FBX in Resources */,
				FE26EBEA1F3BAC8000085B6B /* meat.png in Resources */,
				FEA182471F30EDBE009DBA19 /* DeathSmug.bmp in Resources */,
				FEA182301F30EDBE009DBA19 /* GruntDeath.wav in Resources */,
				FE786B111F33AFFB001931DB /* Tauren.DAE in Resources */,
				FE786B511F33B85E001931DB /* Sorceress.png in Resources */,
				FEA182451F30EDBE009DBA19 /* GruntYesAttack3.wav in Resources */,
				FEA182381F30EDBE009DBA19 /* GruntReady1.wav in Resources */,
				FE786B3E1F33B85E001931DB /* ArcaneSanctum.png in Resources */,
				FE786B571F33BBE2001931DB /* House.png in Resources */,
				FE786B551F33B85E001931DB /* Workshop.dae in Resources */,
				FEA182211F30EDBE009DBA19 /* map2.dae in Resources */,
				FEA182241F30EDBE009DBA19 /* tileMap.tm in Resources */,
				FEA182251F30EDBE009DBA19 /* tileMap2.tm in Resources */,
				FEA1820F1F30EDBE009DBA19 /* GuardTowerWhat1.wav in Resources */,
				FE786B421F33B85E001931DB /* Gryphon.DAE in Resources */,
				FEA182271F30EDBE009DBA19 /* Grun6.DAE in Resources */,
				CA2438BE1F3315F60067F263 /* Stronghold.png in Resources */,
				FEA182161F30EDBE009DBA19 /* gutz.bmp in Resources */,
				FE786B541F33B85E001931DB /* Factory.png in Resources */,
				FEA182191F30EDBE009DBA19 /* Militia_Portrait.mdx in Resources */,
				FE786B501F33B85E001931DB /* Sorceress.FBX in Resources */,
				FE786B3D1F33B85E001931DB /* ArcaneSanctum.dae in Resources */,
				FE786B431F33B85E001931DB /* Gryphon.FBX in Resources */,
				FEA182051F30EDBE009DBA19 /* Doodads0.bmp in Resources */,
				CA2438BC1F3315F60067F263 /* Fortress.dae in Resources */,
				FEA182151F30EDBE009DBA19 /* WatchTowerWhat1.wav in Resources */,
				CA2438B41F32F3E50067F263 /* Shockwave.png in Resources */,
				FEA1821F1F30EDBE009DBA19 /* Ground002.tif in Resources */,
				FE786B171F33AFFB001931DB /* WarMill.dae in Resources */,
				FE786B141F33AFFB001931DB /* TaurenTotem.png in Resources */,
				FE786AED1F33AFB3001931DB /* Beastiary.png in Resources */,
				FEA182041F30EDBE009DBA19 /* DeathSmug.bmp in Resources */,
				FE786B491F33B85E001931DB /* Rifleman.FBX in Resources */,
				FEA182141F30EDBE009DBA19 /* Tower.bmp in Resources */,
				FEA1823A1F30EDBE009DBA19 /* GruntWarcry1.wav in Resources */,
				FEA182441F30EDBE009DBA19 /* GruntYesAttack2.wav in Resources */,
				FE786B471F33B85E001931DB /* Knight.png in Resources */,
				FEA1820D1F30EDBE009DBA19 /* DeathSmug.bmp in Resources */,
				FEA182061F30EDBE009DBA19 /* Garrison.bmp in Resources */,
				FEA1821B1F30EDBE009DBA19 /* PeasantMilitia.bmp in Resources */,
				CA6574001EF4CFF300E4CED1 /* Main.storyboard in Resources */,
				FEA182091F30EDBE009DBA19 /* HumanBarracks.mdx in Resources */,
				FE786B4A1F33B85E001931DB /* Rifleman.max in Resources */,
				FE786B461F33B85E001931DB /* GryphonAviary.dae in Resources */,
				FEA182111F30EDBE009DBA19 /* HumanTower.dae in Resources */,
				FEA1821E1F30EDBE009DBA19 /* grass_short.png in Resources */,
				FEA182181F30EDBE009DBA19 /* Militia.mdx in Resources */,
				CA2438CA1F331DF60067F263 /* lensflare1A.bmp in Resources */,
				FE786B451F33B85E001931DB /* GriffonAviary.png in Resources */,
				FEA1820A1F30EDBE009DBA19 /* HumanBarracksWhat1.wav in Resources */,
				FEA1821A1F30EDBE009DBA19 /* PeasantMilitia.blp in Resources */,
				FE786B0C1F33AFFB001931DB /* KodoBeast.FBX in Resources */,
				CA2438B71F3310830067F263 /* Farm.dae in Resources */,
				CA2438CD1F331DF60067F263 /* Shaman.DAE in Resources */,
				FEA182121F30EDBE009DBA19 /* HumanTower.mdx in Resources */,
				FE786B151F33AFFB001931DB /* Forge.png in Resources */,
				FEA182461F30EDBE009DBA19 /* Base.bmp in Resources */,
				CA6574021EF4CFF300E4CED1 /* Assets.xcassets in Resources */,
				CAAF99CC1F3D79A20012E3F5 /* ToolTip.xib in Resources */,
				FEA182131F30EDBE009DBA19 /* Tower.blp in Resources */,
				CA2438B21F32F3100067F263 /* Shockwave.DAE in Resources */,
				CA2438CB1F331DF60067F263 /* LightningBolt.DAE in Resources */,
				FEA1820E1F30EDBE009DBA19 /* Doodads0-0.bmp in Resources */,
				FE786B401F33B85E001931DB /* Footman.FBX in Resources */,
				FEA1824A1F30EDBE009DBA19 /* OrcBarracksWhat1.wav in Resources */,
				FE786B121F33AFFB001931DB /* Tauren.FBX in Resources */,
				FEA1824B1F30EDBE009DBA19 /* OrcBarraks.bmp in Resources */,
				FE786AEB1F33AFB3001931DB /* Beastiary.bmp in Resources */,
				FE786B191F33AFFB001931DB /* WindRider.FBX in Resources */,
				CA2438BD1F3315F60067F263 /* GreatHall.png in Resources */,
				FEA182201F30EDBE009DBA19 /* Ground002.tif.001.tif in Resources */,
				FE786B4E1F33B85E001931DB /* Shockwave.png in Resources */,
				CA2438D11F331DF60067F263 /* Zap1.bmp in Resources */,
				FE786B0E1F33AFFB001931DB /* SpiritLodge.dae in Resources */,
				FEA182071F30EDBE009DBA19 /* HumanBarracks.dae in Resources */,
				CA2438CC1F331DF60067F263 /* LightningBolt.FBX in Resources */,
				CA2438CE1F331DF60067F263 /* Shaman.FBX in Resources */,
				FEA1820B1F30EDBE009DBA19 /* HumanBase.bmp in Resources */,
				FEA1824C1F30EDBE009DBA19 /* OrcBirth.bmp in Resources */,
				FE786AEC1F33AFB3001931DB /* Beastiary.dae in Resources */,
				FE786B131F33AFFB001931DB /* TaurenTotem.dae in Resources */,
				FE786B411F33B85E001931DB /* Footman.png in Resources */,
				FEA182391F30EDBE009DBA19 /* GruntRunning.DAE in Resources */,
				FEA1821D1F30EDBE009DBA19 /* grass.png in Resources */,
				FE786B481F33B85E001931DB /* Rifleman.DAE in Resources */,
				CA2438B01F319EAA0067F263 /* Militia.DAE in Resources */,
				CA2438D01F331DF60067F263 /* Shockwave10.bmp in Resources */,
				FE786B4F1F33B85E001931DB /* Sorceress.DAE in Resources */,
				FEA182081F30EDBE009DBA19 /* HumanBarracks.mdl in Resources */,
				CA6574051EF4CFF300E4CED1 /* LaunchScreen.storyboard in Resources */,
				FE786B441F33B85E001931DB /* Gryphon.png in Resources */,
				CA2438C91F331DF60067F263 /* Blue_Glow2.bmp in Resources */,
				FE786B161F33AFFB001931DB /* LumberHut.png in Resources */,
				FE786B4C1F33B85E001931DB /* Shockwave.DAE in Resources */,
				FEA182431F30EDBE009DBA19 /* GruntYesAttack1.wav in Resources */,
				FE786B521F33B85E001931DB /* TownHall.dae in Resources */,
				FE786AEA1F33AFB3001931DB /* Base.bmp in Resources */,
				FE786B4B1F33B85E001931DB /* Rifleman.png in Resources */,
				FEA182261F30EDBE009DBA19 /* BerserkerCaster.wav in Resources */,
				CA2438CF1F331DF60067F263 /* Shaman.png in Resources */,
				FEA182481F30EDBE009DBA19 /* OrcBarracks.dae in Resources */,
				FE786B181F33AFFB001931DB /* WindRider.DAE in Resources */,
				FE786B1A1F33AFFB001931DB /* WyvernRider.png in Resources */,
				FE786B0D1F33AFFB001931DB /* KotoBeast.png in Resources */,
				FE786B0F1F33AFFB001931DB /* SpiritLodge.png in Resources */,
				FE786B101F33AFFB001931DB /* Tauran.png in Resources */,
				CA2438D31F3635BB0067F263 /* Grunt.png in Resources */,
				FEA182101F30EDBE009DBA19 /* HumanBase.bmp in Resources */,
				FE26EBE91F3BAC8000085B6B /* gold.png in Resources */,
				FEA1821C1F30EDBE009DBA19 /* dirt.png in Resources */,
				FE786B0B1F33AFFB001931DB /* KodoBeast.DAE in Resources */,
				FEA1820C1F30EDBE009DBA19 /* CannonTowerWhat1.wav in Resources */,
				FE786B531F33B85E001931DB /* TownHallCastleKeep.png in Resources */,
				FE786B3F1F33B85E001931DB /* Footman.DAE in Resources */,
				FEA182491F30EDBE009DBA19 /* OrcBarracks.mdx in Resources */,
			);
			runOnlyForDeploymentPostprocessing = 0;
		};
/* End PBXResourcesBuildPhase section */

/* Begin PBXShellScriptBuildPhase section */
		1A3878C4161CEFE2F6208768 /* [CP] Check Pods Manifest.lock */ = {
			isa = PBXShellScriptBuildPhase;
			buildActionMask = 2147483647;
			files = (
			);
			inputPaths = (
			);
			name = "[CP] Check Pods Manifest.lock";
			outputPaths = (
			);
			runOnlyForDeploymentPostprocessing = 0;
			shellPath = /bin/sh;
			shellScript = "diff \"${PODS_ROOT}/../Podfile.lock\" \"${PODS_ROOT}/Manifest.lock\" > /dev/null\nif [[ $? != 0 ]] ; then\n    cat << EOM\nerror: The sandbox is not in sync with the Podfile.lock. Run 'pod install' or update your CocoaPods installation.\nEOM\n    exit 1\nfi\n";
			showEnvVarsInLog = 0;
		};
		6CF77FE4F7F2E3A9DE4CB94F /* [CP] Copy Pods Resources */ = {
			isa = PBXShellScriptBuildPhase;
			buildActionMask = 2147483647;
			files = (
			);
			inputPaths = (
			);
			name = "[CP] Copy Pods Resources";
			outputPaths = (
			);
			runOnlyForDeploymentPostprocessing = 0;
			shellPath = /bin/sh;
			shellScript = "\"${SRCROOT}/Pods/Target Support Files/Pods-NexusAttack/Pods-NexusAttack-resources.sh\"\n";
			showEnvVarsInLog = 0;
		};
		85E07426770576CB261F3D56 /* [CP] Embed Pods Frameworks */ = {
			isa = PBXShellScriptBuildPhase;
			buildActionMask = 2147483647;
			files = (
			);
			inputPaths = (
			);
			name = "[CP] Embed Pods Frameworks";
			outputPaths = (
			);
			runOnlyForDeploymentPostprocessing = 0;
			shellPath = /bin/sh;
			shellScript = "\"${SRCROOT}/Pods/Target Support Files/Pods-NexusAttack/Pods-NexusAttack-frameworks.sh\"\n";
			showEnvVarsInLog = 0;
		};
/* End PBXShellScriptBuildPhase section */

/* Begin PBXSourcesBuildPhase section */
		CA6573ED1EF4CFF300E4CED1 /* Sources */ = {
			isa = PBXSourcesBuildPhase;
			buildActionMask = 2147483647;
			files = (
				CA9A09771EF719C20018437D /* Team.swift in Sources */,
				CA15DCCF1F116F7500720E34 /* Environment.swift in Sources */,
				CA15DCD11F116F7500720E34 /* Missile.swift in Sources */,
				CA15DCCD1F116F7500720E34 /* BaseObject.swift in Sources */,
				CA15DD401F11762800720E34 /* Human.swift in Sources */,
				CA2438D81F364AFE0067F263 /* NetworkPlayer.swift in Sources */,
				FE68F89E1EF85A9F003E9716 /* GameScene.swift in Sources */,
				CA2438D51F3637520067F263 /* BaseObject+Extensions.swift in Sources */,
				CA15DD3E1F11761600720E34 /* Orc.swift in Sources */,
				CA15DCD01F116F7500720E34 /* HealthBar.swift in Sources */,
				CAB305BB1F09AC6900B7621A /* Hud.swift in Sources */,
				CAB305B11F08AEED00B7621A /* BuildMenu.swift in Sources */,
				CA15DCD31F116F7500720E34 /* Units.swift in Sources */,
				FE26EBE61F3BA35500085B6B /* ToolTip.swift in Sources */,
				CAA6A4C21F36DE490055594C /* WCSocket.swift in Sources */,
				CAC3B4741EF5987F008DD4EA /* Extensions.swift in Sources */,
				FE68F89F1EF85A9F003E9716 /* GameViewController.swift in Sources */,
				FEA1824E1F30FFE2009DBA19 /* ObjectMenu.swift in Sources */,
				CAC3B4761EF60DA2008DD4EA /* Player.swift in Sources */,
				CAB305B71F08D5DE00B7621A /* BaseAI.swift in Sources */,
				CA15DCCE1F116F7500720E34 /* Buildings.swift in Sources */,
				CA6573F51EF4CFF300E4CED1 /* AppDelegate.swift in Sources */,
			);
			runOnlyForDeploymentPostprocessing = 0;
		};
/* End PBXSourcesBuildPhase section */

/* Begin PBXVariantGroup section */
		CA6573FE1EF4CFF300E4CED1 /* Main.storyboard */ = {
			isa = PBXVariantGroup;
			children = (
				CA6573FF1EF4CFF300E4CED1 /* Base */,
			);
			name = Main.storyboard;
			sourceTree = "<group>";
		};
		CA6574031EF4CFF300E4CED1 /* LaunchScreen.storyboard */ = {
			isa = PBXVariantGroup;
			children = (
				CA6574041EF4CFF300E4CED1 /* Base */,
			);
			name = LaunchScreen.storyboard;
			sourceTree = "<group>";
		};
/* End PBXVariantGroup section */

/* Begin XCBuildConfiguration section */
		CA6574071EF4CFF300E4CED1 /* Debug */ = {
			isa = XCBuildConfiguration;
			buildSettings = {
				ALWAYS_SEARCH_USER_PATHS = NO;
				CLANG_ANALYZER_NONNULL = YES;
				CLANG_ANALYZER_NUMBER_OBJECT_CONVERSION = YES_AGGRESSIVE;
				CLANG_CXX_LANGUAGE_STANDARD = "gnu++0x";
				CLANG_CXX_LIBRARY = "libc++";
				CLANG_ENABLE_MODULES = YES;
				CLANG_ENABLE_OBJC_ARC = YES;
				CLANG_WARN_BOOL_CONVERSION = YES;
				CLANG_WARN_CONSTANT_CONVERSION = YES;
				CLANG_WARN_DIRECT_OBJC_ISA_USAGE = YES_ERROR;
				CLANG_WARN_DOCUMENTATION_COMMENTS = YES;
				CLANG_WARN_EMPTY_BODY = YES;
				CLANG_WARN_ENUM_CONVERSION = YES;
				CLANG_WARN_INFINITE_RECURSION = YES;
				CLANG_WARN_INT_CONVERSION = YES;
				CLANG_WARN_OBJC_ROOT_CLASS = YES_ERROR;
				CLANG_WARN_SUSPICIOUS_MOVE = YES;
				CLANG_WARN_UNREACHABLE_CODE = YES;
				CLANG_WARN__DUPLICATE_METHOD_MATCH = YES;
				"CODE_SIGN_IDENTITY[sdk=iphoneos*]" = "iPhone Developer";
				COPY_PHASE_STRIP = NO;
				DEBUG_INFORMATION_FORMAT = dwarf;
				ENABLE_STRICT_OBJC_MSGSEND = YES;
				ENABLE_TESTABILITY = YES;
				GCC_C_LANGUAGE_STANDARD = gnu99;
				GCC_DYNAMIC_NO_PIC = NO;
				GCC_NO_COMMON_BLOCKS = YES;
				GCC_OPTIMIZATION_LEVEL = 0;
				GCC_PREPROCESSOR_DEFINITIONS = (
					"DEBUG=1",
					"$(inherited)",
				);
				GCC_WARN_64_TO_32_BIT_CONVERSION = YES;
				GCC_WARN_ABOUT_RETURN_TYPE = YES_ERROR;
				GCC_WARN_UNDECLARED_SELECTOR = YES;
				GCC_WARN_UNINITIALIZED_AUTOS = YES_AGGRESSIVE;
				GCC_WARN_UNUSED_FUNCTION = YES;
				GCC_WARN_UNUSED_VARIABLE = YES;
				IPHONEOS_DEPLOYMENT_TARGET = 10.3;
				MTL_ENABLE_DEBUG_INFO = YES;
				ONLY_ACTIVE_ARCH = YES;
				SDKROOT = iphoneos;
				SWIFT_ACTIVE_COMPILATION_CONDITIONS = DEBUG;
				SWIFT_OPTIMIZATION_LEVEL = "-Onone";
				TARGETED_DEVICE_FAMILY = "1,2";
			};
			name = Debug;
		};
		CA6574081EF4CFF300E4CED1 /* Release */ = {
			isa = XCBuildConfiguration;
			buildSettings = {
				ALWAYS_SEARCH_USER_PATHS = NO;
				CLANG_ANALYZER_NONNULL = YES;
				CLANG_ANALYZER_NUMBER_OBJECT_CONVERSION = YES_AGGRESSIVE;
				CLANG_CXX_LANGUAGE_STANDARD = "gnu++0x";
				CLANG_CXX_LIBRARY = "libc++";
				CLANG_ENABLE_MODULES = YES;
				CLANG_ENABLE_OBJC_ARC = YES;
				CLANG_WARN_BOOL_CONVERSION = YES;
				CLANG_WARN_CONSTANT_CONVERSION = YES;
				CLANG_WARN_DIRECT_OBJC_ISA_USAGE = YES_ERROR;
				CLANG_WARN_DOCUMENTATION_COMMENTS = YES;
				CLANG_WARN_EMPTY_BODY = YES;
				CLANG_WARN_ENUM_CONVERSION = YES;
				CLANG_WARN_INFINITE_RECURSION = YES;
				CLANG_WARN_INT_CONVERSION = YES;
				CLANG_WARN_OBJC_ROOT_CLASS = YES_ERROR;
				CLANG_WARN_SUSPICIOUS_MOVE = YES;
				CLANG_WARN_UNREACHABLE_CODE = YES;
				CLANG_WARN__DUPLICATE_METHOD_MATCH = YES;
				"CODE_SIGN_IDENTITY[sdk=iphoneos*]" = "iPhone Developer";
				COPY_PHASE_STRIP = NO;
				DEBUG_INFORMATION_FORMAT = "dwarf-with-dsym";
				ENABLE_NS_ASSERTIONS = NO;
				ENABLE_STRICT_OBJC_MSGSEND = YES;
				GCC_C_LANGUAGE_STANDARD = gnu99;
				GCC_NO_COMMON_BLOCKS = YES;
				GCC_WARN_64_TO_32_BIT_CONVERSION = YES;
				GCC_WARN_ABOUT_RETURN_TYPE = YES_ERROR;
				GCC_WARN_UNDECLARED_SELECTOR = YES;
				GCC_WARN_UNINITIALIZED_AUTOS = YES_AGGRESSIVE;
				GCC_WARN_UNUSED_FUNCTION = YES;
				GCC_WARN_UNUSED_VARIABLE = YES;
				IPHONEOS_DEPLOYMENT_TARGET = 10.3;
				MTL_ENABLE_DEBUG_INFO = NO;
				SDKROOT = iphoneos;
				SWIFT_OPTIMIZATION_LEVEL = "-Owholemodule";
				TARGETED_DEVICE_FAMILY = "1,2";
				VALIDATE_PRODUCT = YES;
			};
			name = Release;
		};
		CA65740A1EF4CFF300E4CED1 /* Debug */ = {
			isa = XCBuildConfiguration;
			baseConfigurationReference = 101BD4E9522F3C590D34674D /* Pods-NexusAttack.debug.xcconfig */;
			buildSettings = {
				ASSETCATALOG_COMPILER_APPICON_NAME = AppIcon;
				DEVELOPMENT_TEAM = MRGX8T9A4Y;
				INFOPLIST_FILE = NexusAttack/Info.plist;
				IPHONEOS_DEPLOYMENT_TARGET = 9.0;
				LD_RUNPATH_SEARCH_PATHS = "$(inherited) @executable_path/Frameworks";
				PRODUCT_BUNDLE_IDENTIFIER = CobbWeb.NexusAttack;
				PRODUCT_NAME = "$(TARGET_NAME)";
				SWIFT_OBJC_BRIDGING_HEADER = "NexusAttack/NexusAttack-Bridging-Header.h";
				SWIFT_VERSION = 3.0;
			};
			name = Debug;
		};
		CA65740B1EF4CFF300E4CED1 /* Release */ = {
			isa = XCBuildConfiguration;
			baseConfigurationReference = D9820C79E6935EB5633B6DE3 /* Pods-NexusAttack.release.xcconfig */;
			buildSettings = {
				ASSETCATALOG_COMPILER_APPICON_NAME = AppIcon;
				DEVELOPMENT_TEAM = MRGX8T9A4Y;
				INFOPLIST_FILE = NexusAttack/Info.plist;
				IPHONEOS_DEPLOYMENT_TARGET = 9.0;
				LD_RUNPATH_SEARCH_PATHS = "$(inherited) @executable_path/Frameworks";
				PRODUCT_BUNDLE_IDENTIFIER = CobbWeb.NexusAttack;
				PRODUCT_NAME = "$(TARGET_NAME)";
				SWIFT_OBJC_BRIDGING_HEADER = "NexusAttack/NexusAttack-Bridging-Header.h";
				SWIFT_VERSION = 3.0;
			};
			name = Release;
		};
/* End XCBuildConfiguration section */

/* Begin XCConfigurationList section */
		CA6573EC1EF4CFF300E4CED1 /* Build configuration list for PBXProject "NexusAttack" */ = {
			isa = XCConfigurationList;
			buildConfigurations = (
				CA6574071EF4CFF300E4CED1 /* Debug */,
				CA6574081EF4CFF300E4CED1 /* Release */,
			);
			defaultConfigurationIsVisible = 0;
			defaultConfigurationName = Release;
		};
		CA6574091EF4CFF300E4CED1 /* Build configuration list for PBXNativeTarget "NexusAttack" */ = {
			isa = XCConfigurationList;
			buildConfigurations = (
				CA65740A1EF4CFF300E4CED1 /* Debug */,
				CA65740B1EF4CFF300E4CED1 /* Release */,
			);
			defaultConfigurationIsVisible = 0;
			defaultConfigurationName = Release;
		};
/* End XCConfigurationList section */
	};
	rootObject = CA6573E91EF4CFF300E4CED1 /* Project object */;
}
